// !$*UTF8*$!
{
	archiveVersion = 1;
	classes = {
	};
	objectVersion = 46;
	objects = {

/* Begin PBXBuildFile section */
		B33EEAC015147B0E00826DB2 /* QuartzCore.framework in Frameworks */ = {isa = PBXBuildFile; fileRef = B33EEABF15147B0E00826DB2 /* QuartzCore.framework */; };
		B33EEAC215147B0E00826DB2 /* OpenGLES.framework in Frameworks */ = {isa = PBXBuildFile; fileRef = B33EEAC115147B0E00826DB2 /* OpenGLES.framework */; };
		B33EEAC415147B0E00826DB2 /* OpenAL.framework in Frameworks */ = {isa = PBXBuildFile; fileRef = B33EEAC315147B0E00826DB2 /* OpenAL.framework */; };
		B33EEAC615147B0E00826DB2 /* AudioToolbox.framework in Frameworks */ = {isa = PBXBuildFile; fileRef = B33EEAC515147B0E00826DB2 /* AudioToolbox.framework */; };
		B33EEAC815147B0E00826DB2 /* AVFoundation.framework in Frameworks */ = {isa = PBXBuildFile; fileRef = B33EEAC715147B0E00826DB2 /* AVFoundation.framework */; };
		B33EEACA15147B0E00826DB2 /* UIKit.framework in Frameworks */ = {isa = PBXBuildFile; fileRef = B33EEAC915147B0E00826DB2 /* UIKit.framework */; };
		B33EEACC15147B0E00826DB2 /* Foundation.framework in Frameworks */ = {isa = PBXBuildFile; fileRef = B33EEACB15147B0E00826DB2 /* Foundation.framework */; };
		B33EEACE15147B0E00826DB2 /* CoreGraphics.framework in Frameworks */ = {isa = PBXBuildFile; fileRef = B33EEACD15147B0E00826DB2 /* CoreGraphics.framework */; };
		B33EEAD215147B0E00826DB2 /* Default.png in Resources */ = {isa = PBXBuildFile; fileRef = B33EEAD115147B0E00826DB2 /* Default.png */; };
		B33EEAD415147B0E00826DB2 /* fps_images.png in Resources */ = {isa = PBXBuildFile; fileRef = B33EEAD315147B0E00826DB2 /* fps_images.png */; };
		B33EEAD615147B0E00826DB2 /* Icon-72.png in Resources */ = {isa = PBXBuildFile; fileRef = B33EEAD515147B0E00826DB2 /* Icon-72.png */; };
		B33EEAD815147B0E00826DB2 /* Icon-Small-50.png in Resources */ = {isa = PBXBuildFile; fileRef = B33EEAD715147B0E00826DB2 /* Icon-Small-50.png */; };
		B33EEADA15147B0E00826DB2 /* Icon-Small.png in Resources */ = {isa = PBXBuildFile; fileRef = B33EEAD915147B0E00826DB2 /* Icon-Small.png */; };
		B33EEADC15147B0E00826DB2 /* Icon-Small@2x.png in Resources */ = {isa = PBXBuildFile; fileRef = B33EEADB15147B0E00826DB2 /* Icon-Small@2x.png */; };
		B33EEADE15147B0E00826DB2 /* Icon.png in Resources */ = {isa = PBXBuildFile; fileRef = B33EEADD15147B0E00826DB2 /* Icon.png */; };
		B33EEAE015147B0E00826DB2 /* Icon@2x.png in Resources */ = {isa = PBXBuildFile; fileRef = B33EEADF15147B0E00826DB2 /* Icon@2x.png */; };
		B33EEAE315147B0E00826DB2 /* iTunesArtwork in Resources */ = {isa = PBXBuildFile; fileRef = B33EEAE215147B0E00826DB2 /* iTunesArtwork */; };
		B33EEAE815147B0E00826DB2 /* CCAction.m in Sources */ = {isa = PBXBuildFile; fileRef = B33EEAE715147B0E00826DB2 /* CCAction.m */; };
		B33EEAEB15147B0E00826DB2 /* CCActionCamera.m in Sources */ = {isa = PBXBuildFile; fileRef = B33EEAEA15147B0E00826DB2 /* CCActionCamera.m */; };
		B33EEAEE15147B0E00826DB2 /* CCActionEase.m in Sources */ = {isa = PBXBuildFile; fileRef = B33EEAED15147B0E00826DB2 /* CCActionEase.m */; };
		B33EEAF115147B0E00826DB2 /* CCActionGrid.m in Sources */ = {isa = PBXBuildFile; fileRef = B33EEAF015147B0E00826DB2 /* CCActionGrid.m */; };
		B33EEAF415147B0E00826DB2 /* CCActionGrid3D.m in Sources */ = {isa = PBXBuildFile; fileRef = B33EEAF315147B0E00826DB2 /* CCActionGrid3D.m */; };
		B33EEAF715147B0E00826DB2 /* CCActionInstant.m in Sources */ = {isa = PBXBuildFile; fileRef = B33EEAF615147B0E00826DB2 /* CCActionInstant.m */; };
		B33EEAFA15147B0E00826DB2 /* CCActionInterval.m in Sources */ = {isa = PBXBuildFile; fileRef = B33EEAF915147B0E00826DB2 /* CCActionInterval.m */; };
		B33EEAFD15147B0E00826DB2 /* CCActionManager.m in Sources */ = {isa = PBXBuildFile; fileRef = B33EEAFC15147B0E00826DB2 /* CCActionManager.m */; };
		B33EEB0015147B0E00826DB2 /* CCActionPageTurn3D.m in Sources */ = {isa = PBXBuildFile; fileRef = B33EEAFF15147B0E00826DB2 /* CCActionPageTurn3D.m */; };
		B33EEB0315147B0E00826DB2 /* CCActionProgressTimer.m in Sources */ = {isa = PBXBuildFile; fileRef = B33EEB0215147B0E00826DB2 /* CCActionProgressTimer.m */; };
		B33EEB0615147B0E00826DB2 /* CCActionTiledGrid.m in Sources */ = {isa = PBXBuildFile; fileRef = B33EEB0515147B0E00826DB2 /* CCActionTiledGrid.m */; };
		B33EEB0915147B0E00826DB2 /* CCActionTween.m in Sources */ = {isa = PBXBuildFile; fileRef = B33EEB0815147B0E00826DB2 /* CCActionTween.m */; };
		B33EEB0C15147B0E00826DB2 /* CCAnimation.m in Sources */ = {isa = PBXBuildFile; fileRef = B33EEB0B15147B0E00826DB2 /* CCAnimation.m */; };
		B33EEB0F15147B0E00826DB2 /* CCAnimationCache.m in Sources */ = {isa = PBXBuildFile; fileRef = B33EEB0E15147B0E00826DB2 /* CCAnimationCache.m */; };
		B33EEB1215147B0E00826DB2 /* CCAtlasNode.m in Sources */ = {isa = PBXBuildFile; fileRef = B33EEB1115147B0E00826DB2 /* CCAtlasNode.m */; };
		B33EEB1515147B0E00826DB2 /* CCBlockSupport.m in Sources */ = {isa = PBXBuildFile; fileRef = B33EEB1415147B0E00826DB2 /* CCBlockSupport.m */; };
		B33EEB1815147B0E00826DB2 /* CCCamera.m in Sources */ = {isa = PBXBuildFile; fileRef = B33EEB1715147B0E00826DB2 /* CCCamera.m */; };
		B33EEB1C15147B0E00826DB2 /* CCConfiguration.m in Sources */ = {isa = PBXBuildFile; fileRef = B33EEB1B15147B0E00826DB2 /* CCConfiguration.m */; };
		B33EEB1F15147B0F00826DB2 /* CCDirector.m in Sources */ = {isa = PBXBuildFile; fileRef = B33EEB1E15147B0F00826DB2 /* CCDirector.m */; };
		B33EEB2215147B0F00826DB2 /* CCDrawingPrimitives.m in Sources */ = {isa = PBXBuildFile; fileRef = B33EEB2115147B0F00826DB2 /* CCDrawingPrimitives.m */; };
		B33EEB2515147B0F00826DB2 /* CCGrabber.m in Sources */ = {isa = PBXBuildFile; fileRef = B33EEB2415147B0F00826DB2 /* CCGrabber.m */; };
		B33EEB2815147B0F00826DB2 /* CCGrid.m in Sources */ = {isa = PBXBuildFile; fileRef = B33EEB2715147B0F00826DB2 /* CCGrid.m */; };
		B33EEB2B15147B0F00826DB2 /* CCLabelAtlas.m in Sources */ = {isa = PBXBuildFile; fileRef = B33EEB2A15147B0F00826DB2 /* CCLabelAtlas.m */; };
		B33EEB2E15147B0F00826DB2 /* CCLabelBMFont.m in Sources */ = {isa = PBXBuildFile; fileRef = B33EEB2D15147B0F00826DB2 /* CCLabelBMFont.m */; };
		B33EEB3115147B0F00826DB2 /* CCLabelTTF.m in Sources */ = {isa = PBXBuildFile; fileRef = B33EEB3015147B0F00826DB2 /* CCLabelTTF.m */; };
		B33EEB3415147B0F00826DB2 /* CCLayer.m in Sources */ = {isa = PBXBuildFile; fileRef = B33EEB3315147B0F00826DB2 /* CCLayer.m */; };
		B33EEB3815147B0F00826DB2 /* CCMenu.m in Sources */ = {isa = PBXBuildFile; fileRef = B33EEB3715147B0F00826DB2 /* CCMenu.m */; };
		B33EEB3B15147B0F00826DB2 /* CCMenuItem.m in Sources */ = {isa = PBXBuildFile; fileRef = B33EEB3A15147B0F00826DB2 /* CCMenuItem.m */; };
		B33EEB3E15147B0F00826DB2 /* CCMotionStreak.m in Sources */ = {isa = PBXBuildFile; fileRef = B33EEB3D15147B0F00826DB2 /* CCMotionStreak.m */; };
		B33EEB4115147B0F00826DB2 /* CCNode.m in Sources */ = {isa = PBXBuildFile; fileRef = B33EEB4015147B0F00826DB2 /* CCNode.m */; };
		B33EEB4415147B0F00826DB2 /* CCParallaxNode.m in Sources */ = {isa = PBXBuildFile; fileRef = B33EEB4315147B0F00826DB2 /* CCParallaxNode.m */; };
		B33EEB4715147B0F00826DB2 /* CCParticleExamples.m in Sources */ = {isa = PBXBuildFile; fileRef = B33EEB4615147B0F00826DB2 /* CCParticleExamples.m */; };
		B33EEB4A15147B0F00826DB2 /* CCParticleSystem.m in Sources */ = {isa = PBXBuildFile; fileRef = B33EEB4915147B0F00826DB2 /* CCParticleSystem.m */; };
		B33EEB4D15147B0F00826DB2 /* CCParticleSystemPoint.m in Sources */ = {isa = PBXBuildFile; fileRef = B33EEB4C15147B0F00826DB2 /* CCParticleSystemPoint.m */; };
		B33EEB5015147B0F00826DB2 /* CCParticleSystemQuad.m in Sources */ = {isa = PBXBuildFile; fileRef = B33EEB4F15147B0F00826DB2 /* CCParticleSystemQuad.m */; };
		B33EEB5315147B0F00826DB2 /* CCProgressTimer.m in Sources */ = {isa = PBXBuildFile; fileRef = B33EEB5215147B0F00826DB2 /* CCProgressTimer.m */; };
		B33EEB5715147B0F00826DB2 /* CCRenderTexture.m in Sources */ = {isa = PBXBuildFile; fileRef = B33EEB5615147B0F00826DB2 /* CCRenderTexture.m */; };
		B33EEB5A15147B0F00826DB2 /* CCRibbon.m in Sources */ = {isa = PBXBuildFile; fileRef = B33EEB5915147B0F00826DB2 /* CCRibbon.m */; };
		B33EEB5D15147B0F00826DB2 /* CCScene.m in Sources */ = {isa = PBXBuildFile; fileRef = B33EEB5C15147B0F00826DB2 /* CCScene.m */; };
		B33EEB6015147B0F00826DB2 /* CCScheduler.m in Sources */ = {isa = PBXBuildFile; fileRef = B33EEB5F15147B0F00826DB2 /* CCScheduler.m */; };
		B33EEB6315147B0F00826DB2 /* CCSprite.m in Sources */ = {isa = PBXBuildFile; fileRef = B33EEB6215147B0F00826DB2 /* CCSprite.m */; };
		B33EEB6615147B0F00826DB2 /* CCSpriteBatchNode.m in Sources */ = {isa = PBXBuildFile; fileRef = B33EEB6515147B0F00826DB2 /* CCSpriteBatchNode.m */; };
		B33EEB6915147B0F00826DB2 /* CCSpriteFrame.m in Sources */ = {isa = PBXBuildFile; fileRef = B33EEB6815147B0F00826DB2 /* CCSpriteFrame.m */; };
		B33EEB6C15147B0F00826DB2 /* CCSpriteFrameCache.m in Sources */ = {isa = PBXBuildFile; fileRef = B33EEB6B15147B0F00826DB2 /* CCSpriteFrameCache.m */; };
		B33EEB6F15147B0F00826DB2 /* CCTexture2D.m in Sources */ = {isa = PBXBuildFile; fileRef = B33EEB6E15147B0F00826DB2 /* CCTexture2D.m */; };
		B33EEB7215147B0F00826DB2 /* CCTextureAtlas.m in Sources */ = {isa = PBXBuildFile; fileRef = B33EEB7115147B0F00826DB2 /* CCTextureAtlas.m */; };
		B33EEB7515147B0F00826DB2 /* CCTextureCache.m in Sources */ = {isa = PBXBuildFile; fileRef = B33EEB7415147B0F00826DB2 /* CCTextureCache.m */; };
		B33EEB7815147B0F00826DB2 /* CCTexturePVR.m in Sources */ = {isa = PBXBuildFile; fileRef = B33EEB7715147B0F00826DB2 /* CCTexturePVR.m */; };
		B33EEB7B15147B0F00826DB2 /* CCTileMapAtlas.m in Sources */ = {isa = PBXBuildFile; fileRef = B33EEB7A15147B0F00826DB2 /* CCTileMapAtlas.m */; };
		B33EEB7E15147B1000826DB2 /* CCTMXLayer.m in Sources */ = {isa = PBXBuildFile; fileRef = B33EEB7D15147B1000826DB2 /* CCTMXLayer.m */; };
		B33EEB8115147B1000826DB2 /* CCTMXObjectGroup.m in Sources */ = {isa = PBXBuildFile; fileRef = B33EEB8015147B1000826DB2 /* CCTMXObjectGroup.m */; };
		B33EEB8415147B1000826DB2 /* CCTMXTiledMap.m in Sources */ = {isa = PBXBuildFile; fileRef = B33EEB8315147B1000826DB2 /* CCTMXTiledMap.m */; };
		B33EEB8715147B1000826DB2 /* CCTMXXMLParser.m in Sources */ = {isa = PBXBuildFile; fileRef = B33EEB8615147B1000826DB2 /* CCTMXXMLParser.m */; };
		B33EEB8A15147B1000826DB2 /* CCTransition.m in Sources */ = {isa = PBXBuildFile; fileRef = B33EEB8915147B1000826DB2 /* CCTransition.m */; };
		B33EEB8D15147B1000826DB2 /* CCTransitionPageTurn.m in Sources */ = {isa = PBXBuildFile; fileRef = B33EEB8C15147B1000826DB2 /* CCTransitionPageTurn.m */; };
		B33EEB9015147B1000826DB2 /* CCTransitionRadial.m in Sources */ = {isa = PBXBuildFile; fileRef = B33EEB8F15147B1000826DB2 /* CCTransitionRadial.m */; };
		B33EEB9415147B1000826DB2 /* cocos2d.m in Sources */ = {isa = PBXBuildFile; fileRef = B33EEB9315147B1000826DB2 /* cocos2d.m */; };
		B33EEB9B15147B1000826DB2 /* CCDirectorIOS.m in Sources */ = {isa = PBXBuildFile; fileRef = B33EEB9A15147B1000826DB2 /* CCDirectorIOS.m */; };
		B33EEB9F15147B1000826DB2 /* CCTouchDispatcher.m in Sources */ = {isa = PBXBuildFile; fileRef = B33EEB9E15147B1000826DB2 /* CCTouchDispatcher.m */; };
		B33EEBA215147B1000826DB2 /* CCTouchHandler.m in Sources */ = {isa = PBXBuildFile; fileRef = B33EEBA115147B1000826DB2 /* CCTouchHandler.m */; };
		B33EEBA515147B1000826DB2 /* EAGLView.m in Sources */ = {isa = PBXBuildFile; fileRef = B33EEBA415147B1000826DB2 /* EAGLView.m */; };
		B33EEBA815147B1000826DB2 /* ES1Renderer.m in Sources */ = {isa = PBXBuildFile; fileRef = B33EEBA715147B1000826DB2 /* ES1Renderer.m */; };
		B33EEBAB15147B1000826DB2 /* glu.c in Sources */ = {isa = PBXBuildFile; fileRef = B33EEBAA15147B1000826DB2 /* glu.c */; };
		B33EEBB015147B1000826DB2 /* CCDirectorMac.m in Sources */ = {isa = PBXBuildFile; fileRef = B33EEBAF15147B1000826DB2 /* CCDirectorMac.m */; };
		B33EEBB315147B1000826DB2 /* CCEventDispatcher.m in Sources */ = {isa = PBXBuildFile; fileRef = B33EEBB215147B1000826DB2 /* CCEventDispatcher.m */; };
		B33EEBB615147B1000826DB2 /* MacGLView.m in Sources */ = {isa = PBXBuildFile; fileRef = B33EEBB515147B1000826DB2 /* MacGLView.m */; };
		B33EEBB915147B1000826DB2 /* MacWindow.m in Sources */ = {isa = PBXBuildFile; fileRef = B33EEBB815147B1000826DB2 /* MacWindow.m */; };
		B33EEBBC15147B1000826DB2 /* base64.c in Sources */ = {isa = PBXBuildFile; fileRef = B33EEBBB15147B1000826DB2 /* base64.c */; };
		B33EEBC015147B1000826DB2 /* CCArray.m in Sources */ = {isa = PBXBuildFile; fileRef = B33EEBBF15147B1000826DB2 /* CCArray.m */; };
		B33EEBC415147B1000826DB2 /* CCFileUtils.m in Sources */ = {isa = PBXBuildFile; fileRef = B33EEBC315147B1000826DB2 /* CCFileUtils.m */; };
		B33EEBC715147B1000826DB2 /* CCProfiling.m in Sources */ = {isa = PBXBuildFile; fileRef = B33EEBC615147B1000826DB2 /* CCProfiling.m */; };
		B33EEBC915147B1000826DB2 /* ccUtils.c in Sources */ = {isa = PBXBuildFile; fileRef = B33EEBC815147B1000826DB2 /* ccUtils.c */; };
		B33EEBCD15147B1000826DB2 /* CGPointExtension.m in Sources */ = {isa = PBXBuildFile; fileRef = B33EEBCC15147B1000826DB2 /* CGPointExtension.m */; };
		B33EEBD115147B1000826DB2 /* TGAlib.m in Sources */ = {isa = PBXBuildFile; fileRef = B33EEBD015147B1000826DB2 /* TGAlib.m */; };
		B33EEBD415147B1000826DB2 /* TransformUtils.m in Sources */ = {isa = PBXBuildFile; fileRef = B33EEBD315147B1000826DB2 /* TransformUtils.m */; };
		B33EEBD915147B1000826DB2 /* ZipUtils.m in Sources */ = {isa = PBXBuildFile; fileRef = B33EEBD815147B1000826DB2 /* ZipUtils.m */; };
		B33EEBDE15147B1000826DB2 /* CDAudioManager.m in Sources */ = {isa = PBXBuildFile; fileRef = B33EEBDD15147B1000826DB2 /* CDAudioManager.m */; };
		B33EEBE215147B1100826DB2 /* CDOpenALSupport.m in Sources */ = {isa = PBXBuildFile; fileRef = B33EEBE115147B1100826DB2 /* CDOpenALSupport.m */; };
		B33EEBE515147B1100826DB2 /* CocosDenshion.m in Sources */ = {isa = PBXBuildFile; fileRef = B33EEBE415147B1100826DB2 /* CocosDenshion.m */; };
		B33EEBE815147B1100826DB2 /* SimpleAudioEngine.m in Sources */ = {isa = PBXBuildFile; fileRef = B33EEBE715147B1100826DB2 /* SimpleAudioEngine.m */; };
		B33EEBED15147B1100826DB2 /* CLScoreServerPost.m in Sources */ = {isa = PBXBuildFile; fileRef = B33EEBEC15147B1100826DB2 /* CLScoreServerPost.m */; };
		B33EEBF015147B1100826DB2 /* CLScoreServerRequest.m in Sources */ = {isa = PBXBuildFile; fileRef = B33EEBEF15147B1100826DB2 /* CLScoreServerRequest.m */; };
		B33EEBF315147B1100826DB2 /* cocoslive.m in Sources */ = {isa = PBXBuildFile; fileRef = B33EEBF215147B1100826DB2 /* cocoslive.m */; };
		B33EEBF815147B1100826DB2 /* CDataScanner.m in Sources */ = {isa = PBXBuildFile; fileRef = B33EEBF715147B1100826DB2 /* CDataScanner.m */; };
		B33EEBFC15147B1100826DB2 /* CDataScanner_Extensions.m in Sources */ = {isa = PBXBuildFile; fileRef = B33EEBFB15147B1100826DB2 /* CDataScanner_Extensions.m */; };
		B33EEBFF15147B1100826DB2 /* NSDictionary_JSONExtensions.m in Sources */ = {isa = PBXBuildFile; fileRef = B33EEBFE15147B1100826DB2 /* NSDictionary_JSONExtensions.m */; };
		B33EEC0315147B1100826DB2 /* CJSONDeserializer.m in Sources */ = {isa = PBXBuildFile; fileRef = B33EEC0215147B1100826DB2 /* CJSONDeserializer.m */; };
		B33EEC0615147B1100826DB2 /* CJSONScanner.m in Sources */ = {isa = PBXBuildFile; fileRef = B33EEC0515147B1100826DB2 /* CJSONScanner.m */; };
		B33EEC0915147B1100826DB2 /* CJSONSerializer.m in Sources */ = {isa = PBXBuildFile; fileRef = B33EEC0815147B1100826DB2 /* CJSONSerializer.m */; };
		B33EEC0E15147B1100826DB2 /* FontLabel.m in Sources */ = {isa = PBXBuildFile; fileRef = B33EEC0D15147B1100826DB2 /* FontLabel.m */; };
		B33EEC1115147B1100826DB2 /* FontLabelStringDrawing.m in Sources */ = {isa = PBXBuildFile; fileRef = B33EEC1015147B1100826DB2 /* FontLabelStringDrawing.m */; };
		B33EEC1415147B1100826DB2 /* FontManager.m in Sources */ = {isa = PBXBuildFile; fileRef = B33EEC1315147B1100826DB2 /* FontManager.m */; };
		B33EEC1715147B1100826DB2 /* ZAttributedString.m in Sources */ = {isa = PBXBuildFile; fileRef = B33EEC1615147B1100826DB2 /* ZAttributedString.m */; };
		B33EEC1B15147B1100826DB2 /* ZFont.m in Sources */ = {isa = PBXBuildFile; fileRef = B33EEC1A15147B1100826DB2 /* ZFont.m */; };
		B33EEC2015147B1100826DB2 /* main.m in Sources */ = {isa = PBXBuildFile; fileRef = B33EEC1F15147B1100826DB2 /* main.m */; };
		B33EEC2315147B1100826DB2 /* AppDelegate.m in Sources */ = {isa = PBXBuildFile; fileRef = B33EEC2215147B1100826DB2 /* AppDelegate.m */; };
		B33EEC2615147B1100826DB2 /* RootViewController.m in Sources */ = {isa = PBXBuildFile; fileRef = B33EEC2515147B1100826DB2 /* RootViewController.m */; };
		B33EEC2915147B1100826DB2 /* HelloWorldLayer.m in Sources */ = {isa = PBXBuildFile; fileRef = B33EEC2815147B1100826DB2 /* HelloWorldLayer.m */; };
/* End PBXBuildFile section */

/* Begin PBXFileReference section */
		B33EEABB15147B0E00826DB2 /* Quest.app */ = {isa = PBXFileReference; explicitFileType = wrapper.application; includeInIndex = 0; path = Quest.app; sourceTree = BUILT_PRODUCTS_DIR; };
		B33EEABF15147B0E00826DB2 /* QuartzCore.framework */ = {isa = PBXFileReference; lastKnownFileType = wrapper.framework; name = QuartzCore.framework; path = System/Library/Frameworks/QuartzCore.framework; sourceTree = SDKROOT; };
		B33EEAC115147B0E00826DB2 /* OpenGLES.framework */ = {isa = PBXFileReference; lastKnownFileType = wrapper.framework; name = OpenGLES.framework; path = System/Library/Frameworks/OpenGLES.framework; sourceTree = SDKROOT; };
		B33EEAC315147B0E00826DB2 /* OpenAL.framework */ = {isa = PBXFileReference; lastKnownFileType = wrapper.framework; name = OpenAL.framework; path = System/Library/Frameworks/OpenAL.framework; sourceTree = SDKROOT; };
		B33EEAC515147B0E00826DB2 /* AudioToolbox.framework */ = {isa = PBXFileReference; lastKnownFileType = wrapper.framework; name = AudioToolbox.framework; path = System/Library/Frameworks/AudioToolbox.framework; sourceTree = SDKROOT; };
		B33EEAC715147B0E00826DB2 /* AVFoundation.framework */ = {isa = PBXFileReference; lastKnownFileType = wrapper.framework; name = AVFoundation.framework; path = System/Library/Frameworks/AVFoundation.framework; sourceTree = SDKROOT; };
		B33EEAC915147B0E00826DB2 /* UIKit.framework */ = {isa = PBXFileReference; lastKnownFileType = wrapper.framework; name = UIKit.framework; path = System/Library/Frameworks/UIKit.framework; sourceTree = SDKROOT; };
		B33EEACB15147B0E00826DB2 /* Foundation.framework */ = {isa = PBXFileReference; lastKnownFileType = wrapper.framework; name = Foundation.framework; path = System/Library/Frameworks/Foundation.framework; sourceTree = SDKROOT; };
		B33EEACD15147B0E00826DB2 /* CoreGraphics.framework */ = {isa = PBXFileReference; lastKnownFileType = wrapper.framework; name = CoreGraphics.framework; path = System/Library/Frameworks/CoreGraphics.framework; sourceTree = SDKROOT; };
		B33EEAD115147B0E00826DB2 /* Default.png */ = {isa = PBXFileReference; lastKnownFileType = image.png; name = Default.png; path = Resources/Default.png; sourceTree = "<group>"; };
		B33EEAD315147B0E00826DB2 /* fps_images.png */ = {isa = PBXFileReference; lastKnownFileType = image.png; name = fps_images.png; path = Resources/fps_images.png; sourceTree = "<group>"; };
		B33EEAD515147B0E00826DB2 /* Icon-72.png */ = {isa = PBXFileReference; lastKnownFileType = image.png; name = "Icon-72.png"; path = "Resources/Icon-72.png"; sourceTree = "<group>"; };
		B33EEAD715147B0E00826DB2 /* Icon-Small-50.png */ = {isa = PBXFileReference; lastKnownFileType = image.png; name = "Icon-Small-50.png"; path = "Resources/Icon-Small-50.png"; sourceTree = "<group>"; };
		B33EEAD915147B0E00826DB2 /* Icon-Small.png */ = {isa = PBXFileReference; lastKnownFileType = image.png; name = "Icon-Small.png"; path = "Resources/Icon-Small.png"; sourceTree = "<group>"; };
		B33EEADB15147B0E00826DB2 /* Icon-Small@2x.png */ = {isa = PBXFileReference; lastKnownFileType = image.png; name = "Icon-Small@2x.png"; path = "Resources/Icon-Small@2x.png"; sourceTree = "<group>"; };
		B33EEADD15147B0E00826DB2 /* Icon.png */ = {isa = PBXFileReference; lastKnownFileType = image.png; name = Icon.png; path = Resources/Icon.png; sourceTree = "<group>"; };
		B33EEADF15147B0E00826DB2 /* Icon@2x.png */ = {isa = PBXFileReference; lastKnownFileType = image.png; name = "Icon@2x.png"; path = "Resources/Icon@2x.png"; sourceTree = "<group>"; };
		B33EEAE115147B0E00826DB2 /* Info.plist */ = {isa = PBXFileReference; name = Info.plist; path = Resources/Info.plist; sourceTree = "<group>"; };
		B33EEAE215147B0E00826DB2 /* iTunesArtwork */ = {isa = PBXFileReference; lastKnownFileType = file; name = iTunesArtwork; path = Resources/iTunesArtwork; sourceTree = "<group>"; };
		B33EEAE615147B0E00826DB2 /* CCAction.h */ = {isa = PBXFileReference; name = CCAction.h; path = libs/cocos2d/CCAction.h; sourceTree = "<group>"; };
		B33EEAE715147B0E00826DB2 /* CCAction.m */ = {isa = PBXFileReference; lastKnownFileType = sourcecode.c.objc; name = CCAction.m; path = libs/cocos2d/CCAction.m; sourceTree = "<group>"; };
		B33EEAE915147B0E00826DB2 /* CCActionCamera.h */ = {isa = PBXFileReference; name = CCActionCamera.h; path = libs/cocos2d/CCActionCamera.h; sourceTree = "<group>"; };
		B33EEAEA15147B0E00826DB2 /* CCActionCamera.m */ = {isa = PBXFileReference; lastKnownFileType = sourcecode.c.objc; name = CCActionCamera.m; path = libs/cocos2d/CCActionCamera.m; sourceTree = "<group>"; };
		B33EEAEC15147B0E00826DB2 /* CCActionEase.h */ = {isa = PBXFileReference; name = CCActionEase.h; path = libs/cocos2d/CCActionEase.h; sourceTree = "<group>"; };
		B33EEAED15147B0E00826DB2 /* CCActionEase.m */ = {isa = PBXFileReference; lastKnownFileType = sourcecode.c.objc; name = CCActionEase.m; path = libs/cocos2d/CCActionEase.m; sourceTree = "<group>"; };
		B33EEAEF15147B0E00826DB2 /* CCActionGrid.h */ = {isa = PBXFileReference; name = CCActionGrid.h; path = libs/cocos2d/CCActionGrid.h; sourceTree = "<group>"; };
		B33EEAF015147B0E00826DB2 /* CCActionGrid.m */ = {isa = PBXFileReference; lastKnownFileType = sourcecode.c.objc; name = CCActionGrid.m; path = libs/cocos2d/CCActionGrid.m; sourceTree = "<group>"; };
		B33EEAF215147B0E00826DB2 /* CCActionGrid3D.h */ = {isa = PBXFileReference; name = CCActionGrid3D.h; path = libs/cocos2d/CCActionGrid3D.h; sourceTree = "<group>"; };
		B33EEAF315147B0E00826DB2 /* CCActionGrid3D.m */ = {isa = PBXFileReference; lastKnownFileType = sourcecode.c.objc; name = CCActionGrid3D.m; path = libs/cocos2d/CCActionGrid3D.m; sourceTree = "<group>"; };
		B33EEAF515147B0E00826DB2 /* CCActionInstant.h */ = {isa = PBXFileReference; name = CCActionInstant.h; path = libs/cocos2d/CCActionInstant.h; sourceTree = "<group>"; };
		B33EEAF615147B0E00826DB2 /* CCActionInstant.m */ = {isa = PBXFileReference; lastKnownFileType = sourcecode.c.objc; name = CCActionInstant.m; path = libs/cocos2d/CCActionInstant.m; sourceTree = "<group>"; };
		B33EEAF815147B0E00826DB2 /* CCActionInterval.h */ = {isa = PBXFileReference; name = CCActionInterval.h; path = libs/cocos2d/CCActionInterval.h; sourceTree = "<group>"; };
		B33EEAF915147B0E00826DB2 /* CCActionInterval.m */ = {isa = PBXFileReference; lastKnownFileType = sourcecode.c.objc; name = CCActionInterval.m; path = libs/cocos2d/CCActionInterval.m; sourceTree = "<group>"; };
		B33EEAFB15147B0E00826DB2 /* CCActionManager.h */ = {isa = PBXFileReference; name = CCActionManager.h; path = libs/cocos2d/CCActionManager.h; sourceTree = "<group>"; };
		B33EEAFC15147B0E00826DB2 /* CCActionManager.m */ = {isa = PBXFileReference; lastKnownFileType = sourcecode.c.objc; name = CCActionManager.m; path = libs/cocos2d/CCActionManager.m; sourceTree = "<group>"; };
		B33EEAFE15147B0E00826DB2 /* CCActionPageTurn3D.h */ = {isa = PBXFileReference; name = CCActionPageTurn3D.h; path = libs/cocos2d/CCActionPageTurn3D.h; sourceTree = "<group>"; };
		B33EEAFF15147B0E00826DB2 /* CCActionPageTurn3D.m */ = {isa = PBXFileReference; lastKnownFileType = sourcecode.c.objc; name = CCActionPageTurn3D.m; path = libs/cocos2d/CCActionPageTurn3D.m; sourceTree = "<group>"; };
		B33EEB0115147B0E00826DB2 /* CCActionProgressTimer.h */ = {isa = PBXFileReference; name = CCActionProgressTimer.h; path = libs/cocos2d/CCActionProgressTimer.h; sourceTree = "<group>"; };
		B33EEB0215147B0E00826DB2 /* CCActionProgressTimer.m */ = {isa = PBXFileReference; lastKnownFileType = sourcecode.c.objc; name = CCActionProgressTimer.m; path = libs/cocos2d/CCActionProgressTimer.m; sourceTree = "<group>"; };
		B33EEB0415147B0E00826DB2 /* CCActionTiledGrid.h */ = {isa = PBXFileReference; name = CCActionTiledGrid.h; path = libs/cocos2d/CCActionTiledGrid.h; sourceTree = "<group>"; };
		B33EEB0515147B0E00826DB2 /* CCActionTiledGrid.m */ = {isa = PBXFileReference; lastKnownFileType = sourcecode.c.objc; name = CCActionTiledGrid.m; path = libs/cocos2d/CCActionTiledGrid.m; sourceTree = "<group>"; };
		B33EEB0715147B0E00826DB2 /* CCActionTween.h */ = {isa = PBXFileReference; name = CCActionTween.h; path = libs/cocos2d/CCActionTween.h; sourceTree = "<group>"; };
		B33EEB0815147B0E00826DB2 /* CCActionTween.m */ = {isa = PBXFileReference; lastKnownFileType = sourcecode.c.objc; name = CCActionTween.m; path = libs/cocos2d/CCActionTween.m; sourceTree = "<group>"; };
		B33EEB0A15147B0E00826DB2 /* CCAnimation.h */ = {isa = PBXFileReference; name = CCAnimation.h; path = libs/cocos2d/CCAnimation.h; sourceTree = "<group>"; };
		B33EEB0B15147B0E00826DB2 /* CCAnimation.m */ = {isa = PBXFileReference; lastKnownFileType = sourcecode.c.objc; name = CCAnimation.m; path = libs/cocos2d/CCAnimation.m; sourceTree = "<group>"; };
		B33EEB0D15147B0E00826DB2 /* CCAnimationCache.h */ = {isa = PBXFileReference; name = CCAnimationCache.h; path = libs/cocos2d/CCAnimationCache.h; sourceTree = "<group>"; };
		B33EEB0E15147B0E00826DB2 /* CCAnimationCache.m */ = {isa = PBXFileReference; lastKnownFileType = sourcecode.c.objc; name = CCAnimationCache.m; path = libs/cocos2d/CCAnimationCache.m; sourceTree = "<group>"; };
		B33EEB1015147B0E00826DB2 /* CCAtlasNode.h */ = {isa = PBXFileReference; name = CCAtlasNode.h; path = libs/cocos2d/CCAtlasNode.h; sourceTree = "<group>"; };
		B33EEB1115147B0E00826DB2 /* CCAtlasNode.m */ = {isa = PBXFileReference; lastKnownFileType = sourcecode.c.objc; name = CCAtlasNode.m; path = libs/cocos2d/CCAtlasNode.m; sourceTree = "<group>"; };
		B33EEB1315147B0E00826DB2 /* CCBlockSupport.h */ = {isa = PBXFileReference; name = CCBlockSupport.h; path = libs/cocos2d/CCBlockSupport.h; sourceTree = "<group>"; };
		B33EEB1415147B0E00826DB2 /* CCBlockSupport.m */ = {isa = PBXFileReference; lastKnownFileType = sourcecode.c.objc; name = CCBlockSupport.m; path = libs/cocos2d/CCBlockSupport.m; sourceTree = "<group>"; };
		B33EEB1615147B0E00826DB2 /* CCCamera.h */ = {isa = PBXFileReference; name = CCCamera.h; path = libs/cocos2d/CCCamera.h; sourceTree = "<group>"; };
		B33EEB1715147B0E00826DB2 /* CCCamera.m */ = {isa = PBXFileReference; lastKnownFileType = sourcecode.c.objc; name = CCCamera.m; path = libs/cocos2d/CCCamera.m; sourceTree = "<group>"; };
		B33EEB1915147B0E00826DB2 /* ccConfig.h */ = {isa = PBXFileReference; name = ccConfig.h; path = libs/cocos2d/ccConfig.h; sourceTree = "<group>"; };
		B33EEB1A15147B0E00826DB2 /* CCConfiguration.h */ = {isa = PBXFileReference; name = CCConfiguration.h; path = libs/cocos2d/CCConfiguration.h; sourceTree = "<group>"; };
		B33EEB1B15147B0E00826DB2 /* CCConfiguration.m */ = {isa = PBXFileReference; lastKnownFileType = sourcecode.c.objc; name = CCConfiguration.m; path = libs/cocos2d/CCConfiguration.m; sourceTree = "<group>"; };
		B33EEB1D15147B0E00826DB2 /* CCDirector.h */ = {isa = PBXFileReference; name = CCDirector.h; path = libs/cocos2d/CCDirector.h; sourceTree = "<group>"; };
		B33EEB1E15147B0F00826DB2 /* CCDirector.m */ = {isa = PBXFileReference; lastKnownFileType = sourcecode.c.objc; name = CCDirector.m; path = libs/cocos2d/CCDirector.m; sourceTree = "<group>"; };
		B33EEB2015147B0F00826DB2 /* CCDrawingPrimitives.h */ = {isa = PBXFileReference; name = CCDrawingPrimitives.h; path = libs/cocos2d/CCDrawingPrimitives.h; sourceTree = "<group>"; };
		B33EEB2115147B0F00826DB2 /* CCDrawingPrimitives.m */ = {isa = PBXFileReference; lastKnownFileType = sourcecode.c.objc; name = CCDrawingPrimitives.m; path = libs/cocos2d/CCDrawingPrimitives.m; sourceTree = "<group>"; };
		B33EEB2315147B0F00826DB2 /* CCGrabber.h */ = {isa = PBXFileReference; name = CCGrabber.h; path = libs/cocos2d/CCGrabber.h; sourceTree = "<group>"; };
		B33EEB2415147B0F00826DB2 /* CCGrabber.m */ = {isa = PBXFileReference; lastKnownFileType = sourcecode.c.objc; name = CCGrabber.m; path = libs/cocos2d/CCGrabber.m; sourceTree = "<group>"; };
		B33EEB2615147B0F00826DB2 /* CCGrid.h */ = {isa = PBXFileReference; name = CCGrid.h; path = libs/cocos2d/CCGrid.h; sourceTree = "<group>"; };
		B33EEB2715147B0F00826DB2 /* CCGrid.m */ = {isa = PBXFileReference; lastKnownFileType = sourcecode.c.objc; name = CCGrid.m; path = libs/cocos2d/CCGrid.m; sourceTree = "<group>"; };
		B33EEB2915147B0F00826DB2 /* CCLabelAtlas.h */ = {isa = PBXFileReference; name = CCLabelAtlas.h; path = libs/cocos2d/CCLabelAtlas.h; sourceTree = "<group>"; };
		B33EEB2A15147B0F00826DB2 /* CCLabelAtlas.m */ = {isa = PBXFileReference; lastKnownFileType = sourcecode.c.objc; name = CCLabelAtlas.m; path = libs/cocos2d/CCLabelAtlas.m; sourceTree = "<group>"; };
		B33EEB2C15147B0F00826DB2 /* CCLabelBMFont.h */ = {isa = PBXFileReference; name = CCLabelBMFont.h; path = libs/cocos2d/CCLabelBMFont.h; sourceTree = "<group>"; };
		B33EEB2D15147B0F00826DB2 /* CCLabelBMFont.m */ = {isa = PBXFileReference; lastKnownFileType = sourcecode.c.objc; name = CCLabelBMFont.m; path = libs/cocos2d/CCLabelBMFont.m; sourceTree = "<group>"; };
		B33EEB2F15147B0F00826DB2 /* CCLabelTTF.h */ = {isa = PBXFileReference; name = CCLabelTTF.h; path = libs/cocos2d/CCLabelTTF.h; sourceTree = "<group>"; };
		B33EEB3015147B0F00826DB2 /* CCLabelTTF.m */ = {isa = PBXFileReference; lastKnownFileType = sourcecode.c.objc; name = CCLabelTTF.m; path = libs/cocos2d/CCLabelTTF.m; sourceTree = "<group>"; };
		B33EEB3215147B0F00826DB2 /* CCLayer.h */ = {isa = PBXFileReference; name = CCLayer.h; path = libs/cocos2d/CCLayer.h; sourceTree = "<group>"; };
		B33EEB3315147B0F00826DB2 /* CCLayer.m */ = {isa = PBXFileReference; lastKnownFileType = sourcecode.c.objc; name = CCLayer.m; path = libs/cocos2d/CCLayer.m; sourceTree = "<group>"; };
		B33EEB3515147B0F00826DB2 /* ccMacros.h */ = {isa = PBXFileReference; name = ccMacros.h; path = libs/cocos2d/ccMacros.h; sourceTree = "<group>"; };
		B33EEB3615147B0F00826DB2 /* CCMenu.h */ = {isa = PBXFileReference; name = CCMenu.h; path = libs/cocos2d/CCMenu.h; sourceTree = "<group>"; };
		B33EEB3715147B0F00826DB2 /* CCMenu.m */ = {isa = PBXFileReference; lastKnownFileType = sourcecode.c.objc; name = CCMenu.m; path = libs/cocos2d/CCMenu.m; sourceTree = "<group>"; };
		B33EEB3915147B0F00826DB2 /* CCMenuItem.h */ = {isa = PBXFileReference; name = CCMenuItem.h; path = libs/cocos2d/CCMenuItem.h; sourceTree = "<group>"; };
		B33EEB3A15147B0F00826DB2 /* CCMenuItem.m */ = {isa = PBXFileReference; lastKnownFileType = sourcecode.c.objc; name = CCMenuItem.m; path = libs/cocos2d/CCMenuItem.m; sourceTree = "<group>"; };
		B33EEB3C15147B0F00826DB2 /* CCMotionStreak.h */ = {isa = PBXFileReference; name = CCMotionStreak.h; path = libs/cocos2d/CCMotionStreak.h; sourceTree = "<group>"; };
		B33EEB3D15147B0F00826DB2 /* CCMotionStreak.m */ = {isa = PBXFileReference; lastKnownFileType = sourcecode.c.objc; name = CCMotionStreak.m; path = libs/cocos2d/CCMotionStreak.m; sourceTree = "<group>"; };
		B33EEB3F15147B0F00826DB2 /* CCNode.h */ = {isa = PBXFileReference; name = CCNode.h; path = libs/cocos2d/CCNode.h; sourceTree = "<group>"; };
		B33EEB4015147B0F00826DB2 /* CCNode.m */ = {isa = PBXFileReference; lastKnownFileType = sourcecode.c.objc; name = CCNode.m; path = libs/cocos2d/CCNode.m; sourceTree = "<group>"; };
		B33EEB4215147B0F00826DB2 /* CCParallaxNode.h */ = {isa = PBXFileReference; name = CCParallaxNode.h; path = libs/cocos2d/CCParallaxNode.h; sourceTree = "<group>"; };
		B33EEB4315147B0F00826DB2 /* CCParallaxNode.m */ = {isa = PBXFileReference; lastKnownFileType = sourcecode.c.objc; name = CCParallaxNode.m; path = libs/cocos2d/CCParallaxNode.m; sourceTree = "<group>"; };
		B33EEB4515147B0F00826DB2 /* CCParticleExamples.h */ = {isa = PBXFileReference; name = CCParticleExamples.h; path = libs/cocos2d/CCParticleExamples.h; sourceTree = "<group>"; };
		B33EEB4615147B0F00826DB2 /* CCParticleExamples.m */ = {isa = PBXFileReference; lastKnownFileType = sourcecode.c.objc; name = CCParticleExamples.m; path = libs/cocos2d/CCParticleExamples.m; sourceTree = "<group>"; };
		B33EEB4815147B0F00826DB2 /* CCParticleSystem.h */ = {isa = PBXFileReference; name = CCParticleSystem.h; path = libs/cocos2d/CCParticleSystem.h; sourceTree = "<group>"; };
		B33EEB4915147B0F00826DB2 /* CCParticleSystem.m */ = {isa = PBXFileReference; lastKnownFileType = sourcecode.c.objc; name = CCParticleSystem.m; path = libs/cocos2d/CCParticleSystem.m; sourceTree = "<group>"; };
		B33EEB4B15147B0F00826DB2 /* CCParticleSystemPoint.h */ = {isa = PBXFileReference; name = CCParticleSystemPoint.h; path = libs/cocos2d/CCParticleSystemPoint.h; sourceTree = "<group>"; };
		B33EEB4C15147B0F00826DB2 /* CCParticleSystemPoint.m */ = {isa = PBXFileReference; lastKnownFileType = sourcecode.c.objc; name = CCParticleSystemPoint.m; path = libs/cocos2d/CCParticleSystemPoint.m; sourceTree = "<group>"; };
		B33EEB4E15147B0F00826DB2 /* CCParticleSystemQuad.h */ = {isa = PBXFileReference; name = CCParticleSystemQuad.h; path = libs/cocos2d/CCParticleSystemQuad.h; sourceTree = "<group>"; };
		B33EEB4F15147B0F00826DB2 /* CCParticleSystemQuad.m */ = {isa = PBXFileReference; lastKnownFileType = sourcecode.c.objc; name = CCParticleSystemQuad.m; path = libs/cocos2d/CCParticleSystemQuad.m; sourceTree = "<group>"; };
		B33EEB5115147B0F00826DB2 /* CCProgressTimer.h */ = {isa = PBXFileReference; name = CCProgressTimer.h; path = libs/cocos2d/CCProgressTimer.h; sourceTree = "<group>"; };
		B33EEB5215147B0F00826DB2 /* CCProgressTimer.m */ = {isa = PBXFileReference; lastKnownFileType = sourcecode.c.objc; name = CCProgressTimer.m; path = libs/cocos2d/CCProgressTimer.m; sourceTree = "<group>"; };
		B33EEB5415147B0F00826DB2 /* CCProtocols.h */ = {isa = PBXFileReference; name = CCProtocols.h; path = libs/cocos2d/CCProtocols.h; sourceTree = "<group>"; };
		B33EEB5515147B0F00826DB2 /* CCRenderTexture.h */ = {isa = PBXFileReference; name = CCRenderTexture.h; path = libs/cocos2d/CCRenderTexture.h; sourceTree = "<group>"; };
		B33EEB5615147B0F00826DB2 /* CCRenderTexture.m */ = {isa = PBXFileReference; lastKnownFileType = sourcecode.c.objc; name = CCRenderTexture.m; path = libs/cocos2d/CCRenderTexture.m; sourceTree = "<group>"; };
		B33EEB5815147B0F00826DB2 /* CCRibbon.h */ = {isa = PBXFileReference; name = CCRibbon.h; path = libs/cocos2d/CCRibbon.h; sourceTree = "<group>"; };
		B33EEB5915147B0F00826DB2 /* CCRibbon.m */ = {isa = PBXFileReference; lastKnownFileType = sourcecode.c.objc; name = CCRibbon.m; path = libs/cocos2d/CCRibbon.m; sourceTree = "<group>"; };
		B33EEB5B15147B0F00826DB2 /* CCScene.h */ = {isa = PBXFileReference; name = CCScene.h; path = libs/cocos2d/CCScene.h; sourceTree = "<group>"; };
		B33EEB5C15147B0F00826DB2 /* CCScene.m */ = {isa = PBXFileReference; lastKnownFileType = sourcecode.c.objc; name = CCScene.m; path = libs/cocos2d/CCScene.m; sourceTree = "<group>"; };
		B33EEB5E15147B0F00826DB2 /* CCScheduler.h */ = {isa = PBXFileReference; name = CCScheduler.h; path = libs/cocos2d/CCScheduler.h; sourceTree = "<group>"; };
		B33EEB5F15147B0F00826DB2 /* CCScheduler.m */ = {isa = PBXFileReference; lastKnownFileType = sourcecode.c.objc; name = CCScheduler.m; path = libs/cocos2d/CCScheduler.m; sourceTree = "<group>"; };
		B33EEB6115147B0F00826DB2 /* CCSprite.h */ = {isa = PBXFileReference; name = CCSprite.h; path = libs/cocos2d/CCSprite.h; sourceTree = "<group>"; };
		B33EEB6215147B0F00826DB2 /* CCSprite.m */ = {isa = PBXFileReference; lastKnownFileType = sourcecode.c.objc; name = CCSprite.m; path = libs/cocos2d/CCSprite.m; sourceTree = "<group>"; };
		B33EEB6415147B0F00826DB2 /* CCSpriteBatchNode.h */ = {isa = PBXFileReference; name = CCSpriteBatchNode.h; path = libs/cocos2d/CCSpriteBatchNode.h; sourceTree = "<group>"; };
		B33EEB6515147B0F00826DB2 /* CCSpriteBatchNode.m */ = {isa = PBXFileReference; lastKnownFileType = sourcecode.c.objc; name = CCSpriteBatchNode.m; path = libs/cocos2d/CCSpriteBatchNode.m; sourceTree = "<group>"; };
		B33EEB6715147B0F00826DB2 /* CCSpriteFrame.h */ = {isa = PBXFileReference; name = CCSpriteFrame.h; path = libs/cocos2d/CCSpriteFrame.h; sourceTree = "<group>"; };
		B33EEB6815147B0F00826DB2 /* CCSpriteFrame.m */ = {isa = PBXFileReference; lastKnownFileType = sourcecode.c.objc; name = CCSpriteFrame.m; path = libs/cocos2d/CCSpriteFrame.m; sourceTree = "<group>"; };
		B33EEB6A15147B0F00826DB2 /* CCSpriteFrameCache.h */ = {isa = PBXFileReference; name = CCSpriteFrameCache.h; path = libs/cocos2d/CCSpriteFrameCache.h; sourceTree = "<group>"; };
		B33EEB6B15147B0F00826DB2 /* CCSpriteFrameCache.m */ = {isa = PBXFileReference; lastKnownFileType = sourcecode.c.objc; name = CCSpriteFrameCache.m; path = libs/cocos2d/CCSpriteFrameCache.m; sourceTree = "<group>"; };
		B33EEB6D15147B0F00826DB2 /* CCTexture2D.h */ = {isa = PBXFileReference; name = CCTexture2D.h; path = libs/cocos2d/CCTexture2D.h; sourceTree = "<group>"; };
		B33EEB6E15147B0F00826DB2 /* CCTexture2D.m */ = {isa = PBXFileReference; lastKnownFileType = sourcecode.c.objc; name = CCTexture2D.m; path = libs/cocos2d/CCTexture2D.m; sourceTree = "<group>"; };
		B33EEB7015147B0F00826DB2 /* CCTextureAtlas.h */ = {isa = PBXFileReference; name = CCTextureAtlas.h; path = libs/cocos2d/CCTextureAtlas.h; sourceTree = "<group>"; };
		B33EEB7115147B0F00826DB2 /* CCTextureAtlas.m */ = {isa = PBXFileReference; lastKnownFileType = sourcecode.c.objc; name = CCTextureAtlas.m; path = libs/cocos2d/CCTextureAtlas.m; sourceTree = "<group>"; };
		B33EEB7315147B0F00826DB2 /* CCTextureCache.h */ = {isa = PBXFileReference; name = CCTextureCache.h; path = libs/cocos2d/CCTextureCache.h; sourceTree = "<group>"; };
		B33EEB7415147B0F00826DB2 /* CCTextureCache.m */ = {isa = PBXFileReference; lastKnownFileType = sourcecode.c.objc; name = CCTextureCache.m; path = libs/cocos2d/CCTextureCache.m; sourceTree = "<group>"; };
		B33EEB7615147B0F00826DB2 /* CCTexturePVR.h */ = {isa = PBXFileReference; name = CCTexturePVR.h; path = libs/cocos2d/CCTexturePVR.h; sourceTree = "<group>"; };
		B33EEB7715147B0F00826DB2 /* CCTexturePVR.m */ = {isa = PBXFileReference; lastKnownFileType = sourcecode.c.objc; name = CCTexturePVR.m; path = libs/cocos2d/CCTexturePVR.m; sourceTree = "<group>"; };
		B33EEB7915147B0F00826DB2 /* CCTileMapAtlas.h */ = {isa = PBXFileReference; name = CCTileMapAtlas.h; path = libs/cocos2d/CCTileMapAtlas.h; sourceTree = "<group>"; };
		B33EEB7A15147B0F00826DB2 /* CCTileMapAtlas.m */ = {isa = PBXFileReference; lastKnownFileType = sourcecode.c.objc; name = CCTileMapAtlas.m; path = libs/cocos2d/CCTileMapAtlas.m; sourceTree = "<group>"; };
		B33EEB7C15147B1000826DB2 /* CCTMXLayer.h */ = {isa = PBXFileReference; name = CCTMXLayer.h; path = libs/cocos2d/CCTMXLayer.h; sourceTree = "<group>"; };
		B33EEB7D15147B1000826DB2 /* CCTMXLayer.m */ = {isa = PBXFileReference; lastKnownFileType = sourcecode.c.objc; name = CCTMXLayer.m; path = libs/cocos2d/CCTMXLayer.m; sourceTree = "<group>"; };
		B33EEB7F15147B1000826DB2 /* CCTMXObjectGroup.h */ = {isa = PBXFileReference; name = CCTMXObjectGroup.h; path = libs/cocos2d/CCTMXObjectGroup.h; sourceTree = "<group>"; };
		B33EEB8015147B1000826DB2 /* CCTMXObjectGroup.m */ = {isa = PBXFileReference; lastKnownFileType = sourcecode.c.objc; name = CCTMXObjectGroup.m; path = libs/cocos2d/CCTMXObjectGroup.m; sourceTree = "<group>"; };
		B33EEB8215147B1000826DB2 /* CCTMXTiledMap.h */ = {isa = PBXFileReference; name = CCTMXTiledMap.h; path = libs/cocos2d/CCTMXTiledMap.h; sourceTree = "<group>"; };
		B33EEB8315147B1000826DB2 /* CCTMXTiledMap.m */ = {isa = PBXFileReference; lastKnownFileType = sourcecode.c.objc; name = CCTMXTiledMap.m; path = libs/cocos2d/CCTMXTiledMap.m; sourceTree = "<group>"; };
		B33EEB8515147B1000826DB2 /* CCTMXXMLParser.h */ = {isa = PBXFileReference; name = CCTMXXMLParser.h; path = libs/cocos2d/CCTMXXMLParser.h; sourceTree = "<group>"; };
		B33EEB8615147B1000826DB2 /* CCTMXXMLParser.m */ = {isa = PBXFileReference; lastKnownFileType = sourcecode.c.objc; name = CCTMXXMLParser.m; path = libs/cocos2d/CCTMXXMLParser.m; sourceTree = "<group>"; };
		B33EEB8815147B1000826DB2 /* CCTransition.h */ = {isa = PBXFileReference; name = CCTransition.h; path = libs/cocos2d/CCTransition.h; sourceTree = "<group>"; };
		B33EEB8915147B1000826DB2 /* CCTransition.m */ = {isa = PBXFileReference; lastKnownFileType = sourcecode.c.objc; name = CCTransition.m; path = libs/cocos2d/CCTransition.m; sourceTree = "<group>"; };
		B33EEB8B15147B1000826DB2 /* CCTransitionPageTurn.h */ = {isa = PBXFileReference; name = CCTransitionPageTurn.h; path = libs/cocos2d/CCTransitionPageTurn.h; sourceTree = "<group>"; };
		B33EEB8C15147B1000826DB2 /* CCTransitionPageTurn.m */ = {isa = PBXFileReference; lastKnownFileType = sourcecode.c.objc; name = CCTransitionPageTurn.m; path = libs/cocos2d/CCTransitionPageTurn.m; sourceTree = "<group>"; };
		B33EEB8E15147B1000826DB2 /* CCTransitionRadial.h */ = {isa = PBXFileReference; name = CCTransitionRadial.h; path = libs/cocos2d/CCTransitionRadial.h; sourceTree = "<group>"; };
		B33EEB8F15147B1000826DB2 /* CCTransitionRadial.m */ = {isa = PBXFileReference; lastKnownFileType = sourcecode.c.objc; name = CCTransitionRadial.m; path = libs/cocos2d/CCTransitionRadial.m; sourceTree = "<group>"; };
		B33EEB9115147B1000826DB2 /* ccTypes.h */ = {isa = PBXFileReference; name = ccTypes.h; path = libs/cocos2d/ccTypes.h; sourceTree = "<group>"; };
		B33EEB9215147B1000826DB2 /* cocos2d.h */ = {isa = PBXFileReference; name = cocos2d.h; path = libs/cocos2d/cocos2d.h; sourceTree = "<group>"; };
		B33EEB9315147B1000826DB2 /* cocos2d.m */ = {isa = PBXFileReference; lastKnownFileType = sourcecode.c.objc; name = cocos2d.m; path = libs/cocos2d/cocos2d.m; sourceTree = "<group>"; };
		B33EEB9615147B1000826DB2 /* CCGL.h */ = {isa = PBXFileReference; name = CCGL.h; path = libs/cocos2d/Platforms/CCGL.h; sourceTree = "<group>"; };
		B33EEB9715147B1000826DB2 /* CCNS.h */ = {isa = PBXFileReference; name = CCNS.h; path = libs/cocos2d/Platforms/CCNS.h; sourceTree = "<group>"; };
		B33EEB9915147B1000826DB2 /* CCDirectorIOS.h */ = {isa = PBXFileReference; name = CCDirectorIOS.h; path = libs/cocos2d/Platforms/iOS/CCDirectorIOS.h; sourceTree = "<group>"; };
		B33EEB9A15147B1000826DB2 /* CCDirectorIOS.m */ = {isa = PBXFileReference; lastKnownFileType = sourcecode.c.objc; name = CCDirectorIOS.m; path = libs/cocos2d/Platforms/iOS/CCDirectorIOS.m; sourceTree = "<group>"; };
		B33EEB9C15147B1000826DB2 /* CCTouchDelegateProtocol.h */ = {isa = PBXFileReference; name = CCTouchDelegateProtocol.h; path = libs/cocos2d/Platforms/iOS/CCTouchDelegateProtocol.h; sourceTree = "<group>"; };
		B33EEB9D15147B1000826DB2 /* CCTouchDispatcher.h */ = {isa = PBXFileReference; name = CCTouchDispatcher.h; path = libs/cocos2d/Platforms/iOS/CCTouchDispatcher.h; sourceTree = "<group>"; };
		B33EEB9E15147B1000826DB2 /* CCTouchDispatcher.m */ = {isa = PBXFileReference; lastKnownFileType = sourcecode.c.objc; name = CCTouchDispatcher.m; path = libs/cocos2d/Platforms/iOS/CCTouchDispatcher.m; sourceTree = "<group>"; };
		B33EEBA015147B1000826DB2 /* CCTouchHandler.h */ = {isa = PBXFileReference; name = CCTouchHandler.h; path = libs/cocos2d/Platforms/iOS/CCTouchHandler.h; sourceTree = "<group>"; };
		B33EEBA115147B1000826DB2 /* CCTouchHandler.m */ = {isa = PBXFileReference; lastKnownFileType = sourcecode.c.objc; name = CCTouchHandler.m; path = libs/cocos2d/Platforms/iOS/CCTouchHandler.m; sourceTree = "<group>"; };
		B33EEBA315147B1000826DB2 /* EAGLView.h */ = {isa = PBXFileReference; name = EAGLView.h; path = libs/cocos2d/Platforms/iOS/EAGLView.h; sourceTree = "<group>"; };
		B33EEBA415147B1000826DB2 /* EAGLView.m */ = {isa = PBXFileReference; lastKnownFileType = sourcecode.c.objc; name = EAGLView.m; path = libs/cocos2d/Platforms/iOS/EAGLView.m; sourceTree = "<group>"; };
		B33EEBA615147B1000826DB2 /* ES1Renderer.h */ = {isa = PBXFileReference; name = ES1Renderer.h; path = libs/cocos2d/Platforms/iOS/ES1Renderer.h; sourceTree = "<group>"; };
		B33EEBA715147B1000826DB2 /* ES1Renderer.m */ = {isa = PBXFileReference; lastKnownFileType = sourcecode.c.objc; name = ES1Renderer.m; path = libs/cocos2d/Platforms/iOS/ES1Renderer.m; sourceTree = "<group>"; };
		B33EEBA915147B1000826DB2 /* ESRenderer.h */ = {isa = PBXFileReference; name = ESRenderer.h; path = libs/cocos2d/Platforms/iOS/ESRenderer.h; sourceTree = "<group>"; };
		B33EEBAA15147B1000826DB2 /* glu.c */ = {isa = PBXFileReference; lastKnownFileType = sourcecode.c.c; name = glu.c; path = libs/cocos2d/Platforms/iOS/glu.c; sourceTree = "<group>"; };
		B33EEBAC15147B1000826DB2 /* glu.h */ = {isa = PBXFileReference; name = glu.h; path = libs/cocos2d/Platforms/iOS/glu.h; sourceTree = "<group>"; };
		B33EEBAE15147B1000826DB2 /* CCDirectorMac.h */ = {isa = PBXFileReference; name = CCDirectorMac.h; path = libs/cocos2d/Platforms/Mac/CCDirectorMac.h; sourceTree = "<group>"; };
		B33EEBAF15147B1000826DB2 /* CCDirectorMac.m */ = {isa = PBXFileReference; lastKnownFileType = sourcecode.c.objc; name = CCDirectorMac.m; path = libs/cocos2d/Platforms/Mac/CCDirectorMac.m; sourceTree = "<group>"; };
		B33EEBB115147B1000826DB2 /* CCEventDispatcher.h */ = {isa = PBXFileReference; name = CCEventDispatcher.h; path = libs/cocos2d/Platforms/Mac/CCEventDispatcher.h; sourceTree = "<group>"; };
		B33EEBB215147B1000826DB2 /* CCEventDispatcher.m */ = {isa = PBXFileReference; lastKnownFileType = sourcecode.c.objc; name = CCEventDispatcher.m; path = libs/cocos2d/Platforms/Mac/CCEventDispatcher.m; sourceTree = "<group>"; };
		B33EEBB415147B1000826DB2 /* MacGLView.h */ = {isa = PBXFileReference; name = MacGLView.h; path = libs/cocos2d/Platforms/Mac/MacGLView.h; sourceTree = "<group>"; };
		B33EEBB515147B1000826DB2 /* MacGLView.m */ = {isa = PBXFileReference; lastKnownFileType = sourcecode.c.objc; name = MacGLView.m; path = libs/cocos2d/Platforms/Mac/MacGLView.m; sourceTree = "<group>"; };
		B33EEBB715147B1000826DB2 /* MacWindow.h */ = {isa = PBXFileReference; name = MacWindow.h; path = libs/cocos2d/Platforms/Mac/MacWindow.h; sourceTree = "<group>"; };
		B33EEBB815147B1000826DB2 /* MacWindow.m */ = {isa = PBXFileReference; lastKnownFileType = sourcecode.c.objc; name = MacWindow.m; path = libs/cocos2d/Platforms/Mac/MacWindow.m; sourceTree = "<group>"; };
		B33EEBBB15147B1000826DB2 /* base64.c */ = {isa = PBXFileReference; lastKnownFileType = sourcecode.c.c; name = base64.c; path = libs/cocos2d/Support/base64.c; sourceTree = "<group>"; };
		B33EEBBD15147B1000826DB2 /* base64.h */ = {isa = PBXFileReference; name = base64.h; path = libs/cocos2d/Support/base64.h; sourceTree = "<group>"; };
		B33EEBBE15147B1000826DB2 /* CCArray.h */ = {isa = PBXFileReference; name = CCArray.h; path = libs/cocos2d/Support/CCArray.h; sourceTree = "<group>"; };
		B33EEBBF15147B1000826DB2 /* CCArray.m */ = {isa = PBXFileReference; lastKnownFileType = sourcecode.c.objc; name = CCArray.m; path = libs/cocos2d/Support/CCArray.m; sourceTree = "<group>"; };
		B33EEBC115147B1000826DB2 /* ccCArray.h */ = {isa = PBXFileReference; name = ccCArray.h; path = libs/cocos2d/Support/ccCArray.h; sourceTree = "<group>"; };
		B33EEBC215147B1000826DB2 /* CCFileUtils.h */ = {isa = PBXFileReference; name = CCFileUtils.h; path = libs/cocos2d/Support/CCFileUtils.h; sourceTree = "<group>"; };
		B33EEBC315147B1000826DB2 /* CCFileUtils.m */ = {isa = PBXFileReference; lastKnownFileType = sourcecode.c.objc; name = CCFileUtils.m; path = libs/cocos2d/Support/CCFileUtils.m; sourceTree = "<group>"; };
		B33EEBC515147B1000826DB2 /* CCProfiling.h */ = {isa = PBXFileReference; name = CCProfiling.h; path = libs/cocos2d/Support/CCProfiling.h; sourceTree = "<group>"; };
		B33EEBC615147B1000826DB2 /* CCProfiling.m */ = {isa = PBXFileReference; lastKnownFileType = sourcecode.c.objc; name = CCProfiling.m; path = libs/cocos2d/Support/CCProfiling.m; sourceTree = "<group>"; };
		B33EEBC815147B1000826DB2 /* ccUtils.c */ = {isa = PBXFileReference; lastKnownFileType = sourcecode.c.c; name = ccUtils.c; path = libs/cocos2d/Support/ccUtils.c; sourceTree = "<group>"; };
		B33EEBCA15147B1000826DB2 /* ccUtils.h */ = {isa = PBXFileReference; name = ccUtils.h; path = libs/cocos2d/Support/ccUtils.h; sourceTree = "<group>"; };
		B33EEBCB15147B1000826DB2 /* CGPointExtension.h */ = {isa = PBXFileReference; name = CGPointExtension.h; path = libs/cocos2d/Support/CGPointExtension.h; sourceTree = "<group>"; };
		B33EEBCC15147B1000826DB2 /* CGPointExtension.m */ = {isa = PBXFileReference; lastKnownFileType = sourcecode.c.objc; name = CGPointExtension.m; path = libs/cocos2d/Support/CGPointExtension.m; sourceTree = "<group>"; };
		B33EEBCE15147B1000826DB2 /* OpenGL_Internal.h */ = {isa = PBXFileReference; name = OpenGL_Internal.h; path = libs/cocos2d/Support/OpenGL_Internal.h; sourceTree = "<group>"; };
		B33EEBCF15147B1000826DB2 /* TGAlib.h */ = {isa = PBXFileReference; name = TGAlib.h; path = libs/cocos2d/Support/TGAlib.h; sourceTree = "<group>"; };
		B33EEBD015147B1000826DB2 /* TGAlib.m */ = {isa = PBXFileReference; lastKnownFileType = sourcecode.c.objc; name = TGAlib.m; path = libs/cocos2d/Support/TGAlib.m; sourceTree = "<group>"; };
		B33EEBD215147B1000826DB2 /* TransformUtils.h */ = {isa = PBXFileReference; name = TransformUtils.h; path = libs/cocos2d/Support/TransformUtils.h; sourceTree = "<group>"; };
		B33EEBD315147B1000826DB2 /* TransformUtils.m */ = {isa = PBXFileReference; lastKnownFileType = sourcecode.c.objc; name = TransformUtils.m; path = libs/cocos2d/Support/TransformUtils.m; sourceTree = "<group>"; };
		B33EEBD515147B1000826DB2 /* uthash.h */ = {isa = PBXFileReference; name = uthash.h; path = libs/cocos2d/Support/uthash.h; sourceTree = "<group>"; };
		B33EEBD615147B1000826DB2 /* utlist.h */ = {isa = PBXFileReference; name = utlist.h; path = libs/cocos2d/Support/utlist.h; sourceTree = "<group>"; };
		B33EEBD715147B1000826DB2 /* ZipUtils.h */ = {isa = PBXFileReference; name = ZipUtils.h; path = libs/cocos2d/Support/ZipUtils.h; sourceTree = "<group>"; };
		B33EEBD815147B1000826DB2 /* ZipUtils.m */ = {isa = PBXFileReference; lastKnownFileType = sourcecode.c.objc; name = ZipUtils.m; path = libs/cocos2d/Support/ZipUtils.m; sourceTree = "<group>"; };
		B33EEBDA15147B1000826DB2 /* LICENSE_cocos2d.txt */ = {isa = PBXFileReference; name = LICENSE_cocos2d.txt; path = libs/LICENSE_cocos2d.txt; sourceTree = "<group>"; };
		B33EEBDC15147B1000826DB2 /* CDAudioManager.h */ = {isa = PBXFileReference; name = CDAudioManager.h; path = libs/CocosDenshion/CDAudioManager.h; sourceTree = "<group>"; };
		B33EEBDD15147B1000826DB2 /* CDAudioManager.m */ = {isa = PBXFileReference; lastKnownFileType = sourcecode.c.objc; name = CDAudioManager.m; path = libs/CocosDenshion/CDAudioManager.m; sourceTree = "<group>"; };
		B33EEBDF15147B1100826DB2 /* CDConfig.h */ = {isa = PBXFileReference; name = CDConfig.h; path = libs/CocosDenshion/CDConfig.h; sourceTree = "<group>"; };
		B33EEBE015147B1100826DB2 /* CDOpenALSupport.h */ = {isa = PBXFileReference; name = CDOpenALSupport.h; path = libs/CocosDenshion/CDOpenALSupport.h; sourceTree = "<group>"; };
		B33EEBE115147B1100826DB2 /* CDOpenALSupport.m */ = {isa = PBXFileReference; lastKnownFileType = sourcecode.c.objc; name = CDOpenALSupport.m; path = libs/CocosDenshion/CDOpenALSupport.m; sourceTree = "<group>"; };
		B33EEBE315147B1100826DB2 /* CocosDenshion.h */ = {isa = PBXFileReference; name = CocosDenshion.h; path = libs/CocosDenshion/CocosDenshion.h; sourceTree = "<group>"; };
		B33EEBE415147B1100826DB2 /* CocosDenshion.m */ = {isa = PBXFileReference; lastKnownFileType = sourcecode.c.objc; name = CocosDenshion.m; path = libs/CocosDenshion/CocosDenshion.m; sourceTree = "<group>"; };
		B33EEBE615147B1100826DB2 /* SimpleAudioEngine.h */ = {isa = PBXFileReference; name = SimpleAudioEngine.h; path = libs/CocosDenshion/SimpleAudioEngine.h; sourceTree = "<group>"; };
		B33EEBE715147B1100826DB2 /* SimpleAudioEngine.m */ = {isa = PBXFileReference; lastKnownFileType = sourcecode.c.objc; name = SimpleAudioEngine.m; path = libs/CocosDenshion/SimpleAudioEngine.m; sourceTree = "<group>"; };
		B33EEBE915147B1100826DB2 /* LICENSE_CocosDenshion.txt */ = {isa = PBXFileReference; name = LICENSE_CocosDenshion.txt; path = libs/LICENSE_CocosDenshion.txt; sourceTree = "<group>"; };
		B33EEBEB15147B1100826DB2 /* CLScoreServerPost.h */ = {isa = PBXFileReference; name = CLScoreServerPost.h; path = libs/cocoslive/CLScoreServerPost.h; sourceTree = "<group>"; };
		B33EEBEC15147B1100826DB2 /* CLScoreServerPost.m */ = {isa = PBXFileReference; lastKnownFileType = sourcecode.c.objc; name = CLScoreServerPost.m; path = libs/cocoslive/CLScoreServerPost.m; sourceTree = "<group>"; };
		B33EEBEE15147B1100826DB2 /* CLScoreServerRequest.h */ = {isa = PBXFileReference; name = CLScoreServerRequest.h; path = libs/cocoslive/CLScoreServerRequest.h; sourceTree = "<group>"; };
		B33EEBEF15147B1100826DB2 /* CLScoreServerRequest.m */ = {isa = PBXFileReference; lastKnownFileType = sourcecode.c.objc; name = CLScoreServerRequest.m; path = libs/cocoslive/CLScoreServerRequest.m; sourceTree = "<group>"; };
		B33EEBF115147B1100826DB2 /* cocoslive.h */ = {isa = PBXFileReference; name = cocoslive.h; path = libs/cocoslive/cocoslive.h; sourceTree = "<group>"; };
		B33EEBF215147B1100826DB2 /* cocoslive.m */ = {isa = PBXFileReference; lastKnownFileType = sourcecode.c.objc; name = cocoslive.m; path = libs/cocoslive/cocoslive.m; sourceTree = "<group>"; };
		B33EEBF415147B1100826DB2 /* LICENSE_TouchJSON.txt */ = {isa = PBXFileReference; name = LICENSE_TouchJSON.txt; path = libs/LICENSE_TouchJSON.txt; sourceTree = "<group>"; };
		B33EEBF615147B1100826DB2 /* CDataScanner.h */ = {isa = PBXFileReference; name = CDataScanner.h; path = libs/TouchJSON/CDataScanner.h; sourceTree = "<group>"; };
		B33EEBF715147B1100826DB2 /* CDataScanner.m */ = {isa = PBXFileReference; lastKnownFileType = sourcecode.c.objc; name = CDataScanner.m; path = libs/TouchJSON/CDataScanner.m; sourceTree = "<group>"; };
		B33EEBFA15147B1100826DB2 /* CDataScanner_Extensions.h */ = {isa = PBXFileReference; name = CDataScanner_Extensions.h; path = libs/TouchJSON/Extensions/CDataScanner_Extensions.h; sourceTree = "<group>"; };
		B33EEBFB15147B1100826DB2 /* CDataScanner_Extensions.m */ = {isa = PBXFileReference; lastKnownFileType = sourcecode.c.objc; name = CDataScanner_Extensions.m; path = libs/TouchJSON/Extensions/CDataScanner_Extensions.m; sourceTree = "<group>"; };
		B33EEBFD15147B1100826DB2 /* NSDictionary_JSONExtensions.h */ = {isa = PBXFileReference; name = NSDictionary_JSONExtensions.h; path = libs/TouchJSON/Extensions/NSDictionary_JSONExtensions.h; sourceTree = "<group>"; };
		B33EEBFE15147B1100826DB2 /* NSDictionary_JSONExtensions.m */ = {isa = PBXFileReference; lastKnownFileType = sourcecode.c.objc; name = NSDictionary_JSONExtensions.m; path = libs/TouchJSON/Extensions/NSDictionary_JSONExtensions.m; sourceTree = "<group>"; };
		B33EEC0115147B1100826DB2 /* CJSONDeserializer.h */ = {isa = PBXFileReference; name = CJSONDeserializer.h; path = libs/TouchJSON/JSON/CJSONDeserializer.h; sourceTree = "<group>"; };
		B33EEC0215147B1100826DB2 /* CJSONDeserializer.m */ = {isa = PBXFileReference; lastKnownFileType = sourcecode.c.objc; name = CJSONDeserializer.m; path = libs/TouchJSON/JSON/CJSONDeserializer.m; sourceTree = "<group>"; };
		B33EEC0415147B1100826DB2 /* CJSONScanner.h */ = {isa = PBXFileReference; name = CJSONScanner.h; path = libs/TouchJSON/JSON/CJSONScanner.h; sourceTree = "<group>"; };
		B33EEC0515147B1100826DB2 /* CJSONScanner.m */ = {isa = PBXFileReference; lastKnownFileType = sourcecode.c.objc; name = CJSONScanner.m; path = libs/TouchJSON/JSON/CJSONScanner.m; sourceTree = "<group>"; };
		B33EEC0715147B1100826DB2 /* CJSONSerializer.h */ = {isa = PBXFileReference; name = CJSONSerializer.h; path = libs/TouchJSON/JSON/CJSONSerializer.h; sourceTree = "<group>"; };
		B33EEC0815147B1100826DB2 /* CJSONSerializer.m */ = {isa = PBXFileReference; lastKnownFileType = sourcecode.c.objc; name = CJSONSerializer.m; path = libs/TouchJSON/JSON/CJSONSerializer.m; sourceTree = "<group>"; };
		B33EEC0A15147B1100826DB2 /* JSONRepresentation.h */ = {isa = PBXFileReference; name = JSONRepresentation.h; path = libs/TouchJSON/JSON/JSONRepresentation.h; sourceTree = "<group>"; };
		B33EEC0C15147B1100826DB2 /* FontLabel.h */ = {isa = PBXFileReference; name = FontLabel.h; path = libs/FontLabel/FontLabel.h; sourceTree = "<group>"; };
		B33EEC0D15147B1100826DB2 /* FontLabel.m */ = {isa = PBXFileReference; lastKnownFileType = sourcecode.c.objc; name = FontLabel.m; path = libs/FontLabel/FontLabel.m; sourceTree = "<group>"; };
		B33EEC0F15147B1100826DB2 /* FontLabelStringDrawing.h */ = {isa = PBXFileReference; name = FontLabelStringDrawing.h; path = libs/FontLabel/FontLabelStringDrawing.h; sourceTree = "<group>"; };
		B33EEC1015147B1100826DB2 /* FontLabelStringDrawing.m */ = {isa = PBXFileReference; lastKnownFileType = sourcecode.c.objc; name = FontLabelStringDrawing.m; path = libs/FontLabel/FontLabelStringDrawing.m; sourceTree = "<group>"; };
		B33EEC1215147B1100826DB2 /* FontManager.h */ = {isa = PBXFileReference; name = FontManager.h; path = libs/FontLabel/FontManager.h; sourceTree = "<group>"; };
		B33EEC1315147B1100826DB2 /* FontManager.m */ = {isa = PBXFileReference; lastKnownFileType = sourcecode.c.objc; name = FontManager.m; path = libs/FontLabel/FontManager.m; sourceTree = "<group>"; };
		B33EEC1515147B1100826DB2 /* ZAttributedString.h */ = {isa = PBXFileReference; name = ZAttributedString.h; path = libs/FontLabel/ZAttributedString.h; sourceTree = "<group>"; };
		B33EEC1615147B1100826DB2 /* ZAttributedString.m */ = {isa = PBXFileReference; lastKnownFileType = sourcecode.c.objc; name = ZAttributedString.m; path = libs/FontLabel/ZAttributedString.m; sourceTree = "<group>"; };
		B33EEC1815147B1100826DB2 /* ZAttributedStringPrivate.h */ = {isa = PBXFileReference; name = ZAttributedStringPrivate.h; path = libs/FontLabel/ZAttributedStringPrivate.h; sourceTree = "<group>"; };
		B33EEC1915147B1100826DB2 /* ZFont.h */ = {isa = PBXFileReference; name = ZFont.h; path = libs/FontLabel/ZFont.h; sourceTree = "<group>"; };
		B33EEC1A15147B1100826DB2 /* ZFont.m */ = {isa = PBXFileReference; lastKnownFileType = sourcecode.c.objc; name = ZFont.m; path = libs/FontLabel/ZFont.m; sourceTree = "<group>"; };
		B33EEC1C15147B1100826DB2 /* LICENSE_FontLabel.txt */ = {isa = PBXFileReference; name = LICENSE_FontLabel.txt; path = libs/LICENSE_FontLabel.txt; sourceTree = "<group>"; };
		B33EEC1E15147B1100826DB2 /* Prefix.pch */ = {isa = PBXFileReference; path = Prefix.pch; sourceTree = "<group>"; };
		B33EEC1F15147B1100826DB2 /* main.m */ = {isa = PBXFileReference; lastKnownFileType = sourcecode.c.objc; path = main.m; sourceTree = "<group>"; };
		B33EEC2115147B1100826DB2 /* AppDelegate.h */ = {isa = PBXFileReference; path = AppDelegate.h; sourceTree = "<group>"; };
		B33EEC2215147B1100826DB2 /* AppDelegate.m */ = {isa = PBXFileReference; lastKnownFileType = sourcecode.c.objc; path = AppDelegate.m; sourceTree = "<group>"; };
		B33EEC2415147B1100826DB2 /* RootViewController.h */ = {isa = PBXFileReference; path = RootViewController.h; sourceTree = "<group>"; };
		B33EEC2515147B1100826DB2 /* RootViewController.m */ = {isa = PBXFileReference; lastKnownFileType = sourcecode.c.objc; path = RootViewController.m; sourceTree = "<group>"; };
		B33EEC2715147B1100826DB2 /* HelloWorldLayer.h */ = {isa = PBXFileReference; path = HelloWorldLayer.h; sourceTree = "<group>"; };
		B33EEC2815147B1100826DB2 /* HelloWorldLayer.m */ = {isa = PBXFileReference; lastKnownFileType = sourcecode.c.objc; path = HelloWorldLayer.m; sourceTree = "<group>"; };
		B33EEC2A15147B1100826DB2 /* GameConfig.h */ = {isa = PBXFileReference; path = GameConfig.h; sourceTree = "<group>"; };
/* End PBXFileReference section */

/* Begin PBXFrameworksBuildPhase section */
		B33EEAB815147B0E00826DB2 /* Frameworks */ = {
			isa = PBXFrameworksBuildPhase;
			buildActionMask = 2147483647;
			files = (
				B33EEAC015147B0E00826DB2 /* QuartzCore.framework in Frameworks */,
				B33EEAC215147B0E00826DB2 /* OpenGLES.framework in Frameworks */,
				B33EEAC415147B0E00826DB2 /* OpenAL.framework in Frameworks */,
				B33EEAC615147B0E00826DB2 /* AudioToolbox.framework in Frameworks */,
				B33EEAC815147B0E00826DB2 /* AVFoundation.framework in Frameworks */,
				B33EEACA15147B0E00826DB2 /* UIKit.framework in Frameworks */,
				B33EEACC15147B0E00826DB2 /* Foundation.framework in Frameworks */,
				B33EEACE15147B0E00826DB2 /* CoreGraphics.framework in Frameworks */,
			);
			runOnlyForDeploymentPostprocessing = 0;
		};
/* End PBXFrameworksBuildPhase section */

/* Begin PBXGroup section */
		B33EEAB015147B0D00826DB2 = {
			isa = PBXGroup;
			children = (
				B33EEACF15147B0E00826DB2 /* Quest */,
				B33EEABE15147B0E00826DB2 /* Frameworks */,
				B33EEABC15147B0E00826DB2 /* Products */,
			);
			sourceTree = "<group>";
		};
		B33EEABC15147B0E00826DB2 /* Products */ = {
			isa = PBXGroup;
			children = (
				B33EEABB15147B0E00826DB2 /* Quest.app */,
			);
			name = Products;
			sourceTree = "<group>";
		};
		B33EEABE15147B0E00826DB2 /* Frameworks */ = {
			isa = PBXGroup;
			children = (
				B33EEABF15147B0E00826DB2 /* QuartzCore.framework */,
				B33EEAC115147B0E00826DB2 /* OpenGLES.framework */,
				B33EEAC315147B0E00826DB2 /* OpenAL.framework */,
				B33EEAC515147B0E00826DB2 /* AudioToolbox.framework */,
				B33EEAC715147B0E00826DB2 /* AVFoundation.framework */,
				B33EEAC915147B0E00826DB2 /* UIKit.framework */,
				B33EEACB15147B0E00826DB2 /* Foundation.framework */,
				B33EEACD15147B0E00826DB2 /* CoreGraphics.framework */,
			);
			name = Frameworks;
			sourceTree = "<group>";
		};
		B33EEACF15147B0E00826DB2 /* Quest */ = {
			isa = PBXGroup;
			children = (
				B33EEC2115147B1100826DB2 /* AppDelegate.h */,
				B33EEC2215147B1100826DB2 /* AppDelegate.m */,
				B33EEC2415147B1100826DB2 /* RootViewController.h */,
				B33EEC2515147B1100826DB2 /* RootViewController.m */,
				B33EEC2715147B1100826DB2 /* HelloWorldLayer.h */,
				B33EEC2815147B1100826DB2 /* HelloWorldLayer.m */,
				B33EEC2A15147B1100826DB2 /* GameConfig.h */,
				B33EEAD015147B0E00826DB2 /* Resources */,
				B33EEAE415147B0E00826DB2 /* libs */,
				B33EEC1D15147B1100826DB2 /* Supporting Files */,
			);
			path = Quest;
			sourceTree = "<group>";
		};
		B33EEAD015147B0E00826DB2 /* Resources */ = {
			isa = PBXGroup;
			children = (
				B33EEAD115147B0E00826DB2 /* Default.png */,
				B33EEAD315147B0E00826DB2 /* fps_images.png */,
				B33EEAD515147B0E00826DB2 /* Icon-72.png */,
				B33EEAD715147B0E00826DB2 /* Icon-Small-50.png */,
				B33EEAD915147B0E00826DB2 /* Icon-Small.png */,
				B33EEADB15147B0E00826DB2 /* Icon-Small@2x.png */,
				B33EEADD15147B0E00826DB2 /* Icon.png */,
				B33EEADF15147B0E00826DB2 /* Icon@2x.png */,
				B33EEAE115147B0E00826DB2 /* Info.plist */,
				B33EEAE215147B0E00826DB2 /* iTunesArtwork */,
			);
			name = Resources;
			sourceTree = "<group>";
		};
		B33EEAE415147B0E00826DB2 /* libs */ = {
			isa = PBXGroup;
			children = (
				B33EEBDA15147B1000826DB2 /* LICENSE_cocos2d.txt */,
				B33EEBE915147B1100826DB2 /* LICENSE_CocosDenshion.txt */,
				B33EEBF415147B1100826DB2 /* LICENSE_TouchJSON.txt */,
				B33EEC1C15147B1100826DB2 /* LICENSE_FontLabel.txt */,
				B33EEAE515147B0E00826DB2 /* cocos2d */,
				B33EEBDB15147B1000826DB2 /* CocosDenshion */,
				B33EEBEA15147B1100826DB2 /* cocoslive */,
				B33EEBF515147B1100826DB2 /* TouchJSON */,
				B33EEC0B15147B1100826DB2 /* FontLabel */,
			);
			name = libs;
			sourceTree = "<group>";
		};
		B33EEAE515147B0E00826DB2 /* cocos2d */ = {
			isa = PBXGroup;
			children = (
				B33EEAE615147B0E00826DB2 /* CCAction.h */,
				B33EEAE715147B0E00826DB2 /* CCAction.m */,
				B33EEAE915147B0E00826DB2 /* CCActionCamera.h */,
				B33EEAEA15147B0E00826DB2 /* CCActionCamera.m */,
				B33EEAEC15147B0E00826DB2 /* CCActionEase.h */,
				B33EEAED15147B0E00826DB2 /* CCActionEase.m */,
				B33EEAEF15147B0E00826DB2 /* CCActionGrid.h */,
				B33EEAF015147B0E00826DB2 /* CCActionGrid.m */,
				B33EEAF215147B0E00826DB2 /* CCActionGrid3D.h */,
				B33EEAF315147B0E00826DB2 /* CCActionGrid3D.m */,
				B33EEAF515147B0E00826DB2 /* CCActionInstant.h */,
				B33EEAF615147B0E00826DB2 /* CCActionInstant.m */,
				B33EEAF815147B0E00826DB2 /* CCActionInterval.h */,
				B33EEAF915147B0E00826DB2 /* CCActionInterval.m */,
				B33EEAFB15147B0E00826DB2 /* CCActionManager.h */,
				B33EEAFC15147B0E00826DB2 /* CCActionManager.m */,
				B33EEAFE15147B0E00826DB2 /* CCActionPageTurn3D.h */,
				B33EEAFF15147B0E00826DB2 /* CCActionPageTurn3D.m */,
				B33EEB0115147B0E00826DB2 /* CCActionProgressTimer.h */,
				B33EEB0215147B0E00826DB2 /* CCActionProgressTimer.m */,
				B33EEB0415147B0E00826DB2 /* CCActionTiledGrid.h */,
				B33EEB0515147B0E00826DB2 /* CCActionTiledGrid.m */,
				B33EEB0715147B0E00826DB2 /* CCActionTween.h */,
				B33EEB0815147B0E00826DB2 /* CCActionTween.m */,
				B33EEB0A15147B0E00826DB2 /* CCAnimation.h */,
				B33EEB0B15147B0E00826DB2 /* CCAnimation.m */,
				B33EEB0D15147B0E00826DB2 /* CCAnimationCache.h */,
				B33EEB0E15147B0E00826DB2 /* CCAnimationCache.m */,
				B33EEB1015147B0E00826DB2 /* CCAtlasNode.h */,
				B33EEB1115147B0E00826DB2 /* CCAtlasNode.m */,
				B33EEB1315147B0E00826DB2 /* CCBlockSupport.h */,
				B33EEB1415147B0E00826DB2 /* CCBlockSupport.m */,
				B33EEB1615147B0E00826DB2 /* CCCamera.h */,
				B33EEB1715147B0E00826DB2 /* CCCamera.m */,
				B33EEB1915147B0E00826DB2 /* ccConfig.h */,
				B33EEB1A15147B0E00826DB2 /* CCConfiguration.h */,
				B33EEB1B15147B0E00826DB2 /* CCConfiguration.m */,
				B33EEB1D15147B0E00826DB2 /* CCDirector.h */,
				B33EEB1E15147B0F00826DB2 /* CCDirector.m */,
				B33EEB2015147B0F00826DB2 /* CCDrawingPrimitives.h */,
				B33EEB2115147B0F00826DB2 /* CCDrawingPrimitives.m */,
				B33EEB2315147B0F00826DB2 /* CCGrabber.h */,
				B33EEB2415147B0F00826DB2 /* CCGrabber.m */,
				B33EEB2615147B0F00826DB2 /* CCGrid.h */,
				B33EEB2715147B0F00826DB2 /* CCGrid.m */,
				B33EEB2915147B0F00826DB2 /* CCLabelAtlas.h */,
				B33EEB2A15147B0F00826DB2 /* CCLabelAtlas.m */,
				B33EEB2C15147B0F00826DB2 /* CCLabelBMFont.h */,
				B33EEB2D15147B0F00826DB2 /* CCLabelBMFont.m */,
				B33EEB2F15147B0F00826DB2 /* CCLabelTTF.h */,
				B33EEB3015147B0F00826DB2 /* CCLabelTTF.m */,
				B33EEB3215147B0F00826DB2 /* CCLayer.h */,
				B33EEB3315147B0F00826DB2 /* CCLayer.m */,
				B33EEB3515147B0F00826DB2 /* ccMacros.h */,
				B33EEB3615147B0F00826DB2 /* CCMenu.h */,
				B33EEB3715147B0F00826DB2 /* CCMenu.m */,
				B33EEB3915147B0F00826DB2 /* CCMenuItem.h */,
				B33EEB3A15147B0F00826DB2 /* CCMenuItem.m */,
				B33EEB3C15147B0F00826DB2 /* CCMotionStreak.h */,
				B33EEB3D15147B0F00826DB2 /* CCMotionStreak.m */,
				B33EEB3F15147B0F00826DB2 /* CCNode.h */,
				B33EEB4015147B0F00826DB2 /* CCNode.m */,
				B33EEB4215147B0F00826DB2 /* CCParallaxNode.h */,
				B33EEB4315147B0F00826DB2 /* CCParallaxNode.m */,
				B33EEB4515147B0F00826DB2 /* CCParticleExamples.h */,
				B33EEB4615147B0F00826DB2 /* CCParticleExamples.m */,
				B33EEB4815147B0F00826DB2 /* CCParticleSystem.h */,
				B33EEB4915147B0F00826DB2 /* CCParticleSystem.m */,
				B33EEB4B15147B0F00826DB2 /* CCParticleSystemPoint.h */,
				B33EEB4C15147B0F00826DB2 /* CCParticleSystemPoint.m */,
				B33EEB4E15147B0F00826DB2 /* CCParticleSystemQuad.h */,
				B33EEB4F15147B0F00826DB2 /* CCParticleSystemQuad.m */,
				B33EEB5115147B0F00826DB2 /* CCProgressTimer.h */,
				B33EEB5215147B0F00826DB2 /* CCProgressTimer.m */,
				B33EEB5415147B0F00826DB2 /* CCProtocols.h */,
				B33EEB5515147B0F00826DB2 /* CCRenderTexture.h */,
				B33EEB5615147B0F00826DB2 /* CCRenderTexture.m */,
				B33EEB5815147B0F00826DB2 /* CCRibbon.h */,
				B33EEB5915147B0F00826DB2 /* CCRibbon.m */,
				B33EEB5B15147B0F00826DB2 /* CCScene.h */,
				B33EEB5C15147B0F00826DB2 /* CCScene.m */,
				B33EEB5E15147B0F00826DB2 /* CCScheduler.h */,
				B33EEB5F15147B0F00826DB2 /* CCScheduler.m */,
				B33EEB6115147B0F00826DB2 /* CCSprite.h */,
				B33EEB6215147B0F00826DB2 /* CCSprite.m */,
				B33EEB6415147B0F00826DB2 /* CCSpriteBatchNode.h */,
				B33EEB6515147B0F00826DB2 /* CCSpriteBatchNode.m */,
				B33EEB6715147B0F00826DB2 /* CCSpriteFrame.h */,
				B33EEB6815147B0F00826DB2 /* CCSpriteFrame.m */,
				B33EEB6A15147B0F00826DB2 /* CCSpriteFrameCache.h */,
				B33EEB6B15147B0F00826DB2 /* CCSpriteFrameCache.m */,
				B33EEB6D15147B0F00826DB2 /* CCTexture2D.h */,
				B33EEB6E15147B0F00826DB2 /* CCTexture2D.m */,
				B33EEB7015147B0F00826DB2 /* CCTextureAtlas.h */,
				B33EEB7115147B0F00826DB2 /* CCTextureAtlas.m */,
				B33EEB7315147B0F00826DB2 /* CCTextureCache.h */,
				B33EEB7415147B0F00826DB2 /* CCTextureCache.m */,
				B33EEB7615147B0F00826DB2 /* CCTexturePVR.h */,
				B33EEB7715147B0F00826DB2 /* CCTexturePVR.m */,
				B33EEB7915147B0F00826DB2 /* CCTileMapAtlas.h */,
				B33EEB7A15147B0F00826DB2 /* CCTileMapAtlas.m */,
				B33EEB7C15147B1000826DB2 /* CCTMXLayer.h */,
				B33EEB7D15147B1000826DB2 /* CCTMXLayer.m */,
				B33EEB7F15147B1000826DB2 /* CCTMXObjectGroup.h */,
				B33EEB8015147B1000826DB2 /* CCTMXObjectGroup.m */,
				B33EEB8215147B1000826DB2 /* CCTMXTiledMap.h */,
				B33EEB8315147B1000826DB2 /* CCTMXTiledMap.m */,
				B33EEB8515147B1000826DB2 /* CCTMXXMLParser.h */,
				B33EEB8615147B1000826DB2 /* CCTMXXMLParser.m */,
				B33EEB8815147B1000826DB2 /* CCTransition.h */,
				B33EEB8915147B1000826DB2 /* CCTransition.m */,
				B33EEB8B15147B1000826DB2 /* CCTransitionPageTurn.h */,
				B33EEB8C15147B1000826DB2 /* CCTransitionPageTurn.m */,
				B33EEB8E15147B1000826DB2 /* CCTransitionRadial.h */,
				B33EEB8F15147B1000826DB2 /* CCTransitionRadial.m */,
				B33EEB9115147B1000826DB2 /* ccTypes.h */,
				B33EEB9215147B1000826DB2 /* cocos2d.h */,
				B33EEB9315147B1000826DB2 /* cocos2d.m */,
				B33EEB9515147B1000826DB2 /* Platforms */,
				B33EEBBA15147B1000826DB2 /* Support */,
			);
			name = cocos2d;
			sourceTree = "<group>";
		};
		B33EEB9515147B1000826DB2 /* Platforms */ = {
			isa = PBXGroup;
			children = (
				B33EEB9615147B1000826DB2 /* CCGL.h */,
				B33EEB9715147B1000826DB2 /* CCNS.h */,
				B33EEB9815147B1000826DB2 /* iOS */,
				B33EEBAD15147B1000826DB2 /* Mac */,
			);
			name = Platforms;
			sourceTree = "<group>";
		};
		B33EEB9815147B1000826DB2 /* iOS */ = {
			isa = PBXGroup;
			children = (
				B33EEB9915147B1000826DB2 /* CCDirectorIOS.h */,
				B33EEB9A15147B1000826DB2 /* CCDirectorIOS.m */,
				B33EEB9C15147B1000826DB2 /* CCTouchDelegateProtocol.h */,
				B33EEB9D15147B1000826DB2 /* CCTouchDispatcher.h */,
				B33EEB9E15147B1000826DB2 /* CCTouchDispatcher.m */,
				B33EEBA015147B1000826DB2 /* CCTouchHandler.h */,
				B33EEBA115147B1000826DB2 /* CCTouchHandler.m */,
				B33EEBA315147B1000826DB2 /* EAGLView.h */,
				B33EEBA415147B1000826DB2 /* EAGLView.m */,
				B33EEBA615147B1000826DB2 /* ES1Renderer.h */,
				B33EEBA715147B1000826DB2 /* ES1Renderer.m */,
				B33EEBA915147B1000826DB2 /* ESRenderer.h */,
				B33EEBAA15147B1000826DB2 /* glu.c */,
				B33EEBAC15147B1000826DB2 /* glu.h */,
			);
			name = iOS;
			sourceTree = "<group>";
		};
		B33EEBAD15147B1000826DB2 /* Mac */ = {
			isa = PBXGroup;
			children = (
				B33EEBAE15147B1000826DB2 /* CCDirectorMac.h */,
				B33EEBAF15147B1000826DB2 /* CCDirectorMac.m */,
				B33EEBB115147B1000826DB2 /* CCEventDispatcher.h */,
				B33EEBB215147B1000826DB2 /* CCEventDispatcher.m */,
				B33EEBB415147B1000826DB2 /* MacGLView.h */,
				B33EEBB515147B1000826DB2 /* MacGLView.m */,
				B33EEBB715147B1000826DB2 /* MacWindow.h */,
				B33EEBB815147B1000826DB2 /* MacWindow.m */,
			);
			name = Mac;
			sourceTree = "<group>";
		};
		B33EEBBA15147B1000826DB2 /* Support */ = {
			isa = PBXGroup;
			children = (
				B33EEBBB15147B1000826DB2 /* base64.c */,
				B33EEBBD15147B1000826DB2 /* base64.h */,
				B33EEBBE15147B1000826DB2 /* CCArray.h */,
				B33EEBBF15147B1000826DB2 /* CCArray.m */,
				B33EEBC115147B1000826DB2 /* ccCArray.h */,
				B33EEBC215147B1000826DB2 /* CCFileUtils.h */,
				B33EEBC315147B1000826DB2 /* CCFileUtils.m */,
				B33EEBC515147B1000826DB2 /* CCProfiling.h */,
				B33EEBC615147B1000826DB2 /* CCProfiling.m */,
				B33EEBC815147B1000826DB2 /* ccUtils.c */,
				B33EEBCA15147B1000826DB2 /* ccUtils.h */,
				B33EEBCB15147B1000826DB2 /* CGPointExtension.h */,
				B33EEBCC15147B1000826DB2 /* CGPointExtension.m */,
				B33EEBCE15147B1000826DB2 /* OpenGL_Internal.h */,
				B33EEBCF15147B1000826DB2 /* TGAlib.h */,
				B33EEBD015147B1000826DB2 /* TGAlib.m */,
				B33EEBD215147B1000826DB2 /* TransformUtils.h */,
				B33EEBD315147B1000826DB2 /* TransformUtils.m */,
				B33EEBD515147B1000826DB2 /* uthash.h */,
				B33EEBD615147B1000826DB2 /* utlist.h */,
				B33EEBD715147B1000826DB2 /* ZipUtils.h */,
				B33EEBD815147B1000826DB2 /* ZipUtils.m */,
			);
			name = Support;
			sourceTree = "<group>";
		};
		B33EEBDB15147B1000826DB2 /* CocosDenshion */ = {
			isa = PBXGroup;
			children = (
				B33EEBDC15147B1000826DB2 /* CDAudioManager.h */,
				B33EEBDD15147B1000826DB2 /* CDAudioManager.m */,
				B33EEBDF15147B1100826DB2 /* CDConfig.h */,
				B33EEBE015147B1100826DB2 /* CDOpenALSupport.h */,
				B33EEBE115147B1100826DB2 /* CDOpenALSupport.m */,
				B33EEBE315147B1100826DB2 /* CocosDenshion.h */,
				B33EEBE415147B1100826DB2 /* CocosDenshion.m */,
				B33EEBE615147B1100826DB2 /* SimpleAudioEngine.h */,
				B33EEBE715147B1100826DB2 /* SimpleAudioEngine.m */,
			);
			name = CocosDenshion;
			sourceTree = "<group>";
		};
		B33EEBEA15147B1100826DB2 /* cocoslive */ = {
			isa = PBXGroup;
			children = (
				B33EEBEB15147B1100826DB2 /* CLScoreServerPost.h */,
				B33EEBEC15147B1100826DB2 /* CLScoreServerPost.m */,
				B33EEBEE15147B1100826DB2 /* CLScoreServerRequest.h */,
				B33EEBEF15147B1100826DB2 /* CLScoreServerRequest.m */,
				B33EEBF115147B1100826DB2 /* cocoslive.h */,
				B33EEBF215147B1100826DB2 /* cocoslive.m */,
			);
			name = cocoslive;
			sourceTree = "<group>";
		};
		B33EEBF515147B1100826DB2 /* TouchJSON */ = {
			isa = PBXGroup;
			children = (
				B33EEBF615147B1100826DB2 /* CDataScanner.h */,
				B33EEBF715147B1100826DB2 /* CDataScanner.m */,
				B33EEBF915147B1100826DB2 /* Extensions */,
				B33EEC0015147B1100826DB2 /* JSON */,
			);
			name = TouchJSON;
			sourceTree = "<group>";
		};
		B33EEBF915147B1100826DB2 /* Extensions */ = {
			isa = PBXGroup;
			children = (
				B33EEBFA15147B1100826DB2 /* CDataScanner_Extensions.h */,
				B33EEBFB15147B1100826DB2 /* CDataScanner_Extensions.m */,
				B33EEBFD15147B1100826DB2 /* NSDictionary_JSONExtensions.h */,
				B33EEBFE15147B1100826DB2 /* NSDictionary_JSONExtensions.m */,
			);
			name = Extensions;
			sourceTree = "<group>";
		};
		B33EEC0015147B1100826DB2 /* JSON */ = {
			isa = PBXGroup;
			children = (
				B33EEC0115147B1100826DB2 /* CJSONDeserializer.h */,
				B33EEC0215147B1100826DB2 /* CJSONDeserializer.m */,
				B33EEC0415147B1100826DB2 /* CJSONScanner.h */,
				B33EEC0515147B1100826DB2 /* CJSONScanner.m */,
				B33EEC0715147B1100826DB2 /* CJSONSerializer.h */,
				B33EEC0815147B1100826DB2 /* CJSONSerializer.m */,
				B33EEC0A15147B1100826DB2 /* JSONRepresentation.h */,
			);
			name = JSON;
			sourceTree = "<group>";
		};
		B33EEC0B15147B1100826DB2 /* FontLabel */ = {
			isa = PBXGroup;
			children = (
				B33EEC0C15147B1100826DB2 /* FontLabel.h */,
				B33EEC0D15147B1100826DB2 /* FontLabel.m */,
				B33EEC0F15147B1100826DB2 /* FontLabelStringDrawing.h */,
				B33EEC1015147B1100826DB2 /* FontLabelStringDrawing.m */,
				B33EEC1215147B1100826DB2 /* FontManager.h */,
				B33EEC1315147B1100826DB2 /* FontManager.m */,
				B33EEC1515147B1100826DB2 /* ZAttributedString.h */,
				B33EEC1615147B1100826DB2 /* ZAttributedString.m */,
				B33EEC1815147B1100826DB2 /* ZAttributedStringPrivate.h */,
				B33EEC1915147B1100826DB2 /* ZFont.h */,
				B33EEC1A15147B1100826DB2 /* ZFont.m */,
			);
			name = FontLabel;
			sourceTree = "<group>";
		};
		B33EEC1D15147B1100826DB2 /* Supporting Files */ = {
			isa = PBXGroup;
			children = (
				B33EEC1E15147B1100826DB2 /* Prefix.pch */,
				B33EEC1F15147B1100826DB2 /* main.m */,
			);
			name = "Supporting Files";
			sourceTree = "<group>";
		};
/* End PBXGroup section */

/* Begin PBXNativeTarget section */
		B33EEABA15147B0E00826DB2 /* Quest */ = {
			isa = PBXNativeTarget;
			buildConfigurationList = B33EEC2D15147B1100826DB2 /* Build configuration list for PBXNativeTarget "Quest" */;
			buildPhases = (
				B33EEAB715147B0E00826DB2 /* Sources */,
				B33EEAB815147B0E00826DB2 /* Frameworks */,
				B33EEAB915147B0E00826DB2 /* Resources */,
			);
			buildRules = (
			);
			dependencies = (
			);
			name = Quest;
			productName = Quest;
			productReference = B33EEABB15147B0E00826DB2 /* Quest.app */;
			productType = "com.apple.product-type.application";
		};
/* End PBXNativeTarget section */

/* Begin PBXProject section */
		B33EEAB215147B0D00826DB2 /* Project object */ = {
			isa = PBXProject;
			attributes = {
				LastUpgradeCheck = 0420;
			};
			buildConfigurationList = B33EEAB515147B0D00826DB2 /* Build configuration list for PBXProject "Quest" */;
			compatibilityVersion = "Xcode 3.2";
			developmentRegion = English;
			hasScannedForEncodings = 0;
			knownRegions = (
				en,
			);
			mainGroup = B33EEAB015147B0D00826DB2;
			productRefGroup = B33EEABC15147B0E00826DB2 /* Products */;
			projectDirPath = "";
			projectRoot = "";
			targets = (
				B33EEABA15147B0E00826DB2 /* Quest */,
			);
		};
/* End PBXProject section */

/* Begin PBXResourcesBuildPhase section */
		B33EEAB915147B0E00826DB2 /* Resources */ = {
			isa = PBXResourcesBuildPhase;
			buildActionMask = 2147483647;
			files = (
				B33EEAD215147B0E00826DB2 /* Default.png in Resources */,
				B33EEAD415147B0E00826DB2 /* fps_images.png in Resources */,
				B33EEAD615147B0E00826DB2 /* Icon-72.png in Resources */,
				B33EEAD815147B0E00826DB2 /* Icon-Small-50.png in Resources */,
				B33EEADA15147B0E00826DB2 /* Icon-Small.png in Resources */,
				B33EEADC15147B0E00826DB2 /* Icon-Small@2x.png in Resources */,
				B33EEADE15147B0E00826DB2 /* Icon.png in Resources */,
				B33EEAE015147B0E00826DB2 /* Icon@2x.png in Resources */,
				B33EEAE315147B0E00826DB2 /* iTunesArtwork in Resources */,
			);
			runOnlyForDeploymentPostprocessing = 0;
		};
/* End PBXResourcesBuildPhase section */

/* Begin PBXSourcesBuildPhase section */
		B33EEAB715147B0E00826DB2 /* Sources */ = {
			isa = PBXSourcesBuildPhase;
			buildActionMask = 2147483647;
			files = (
				B33EEAE815147B0E00826DB2 /* CCAction.m in Sources */,
				B33EEAEB15147B0E00826DB2 /* CCActionCamera.m in Sources */,
				B33EEAEE15147B0E00826DB2 /* CCActionEase.m in Sources */,
				B33EEAF115147B0E00826DB2 /* CCActionGrid.m in Sources */,
				B33EEAF415147B0E00826DB2 /* CCActionGrid3D.m in Sources */,
				B33EEAF715147B0E00826DB2 /* CCActionInstant.m in Sources */,
				B33EEAFA15147B0E00826DB2 /* CCActionInterval.m in Sources */,
				B33EEAFD15147B0E00826DB2 /* CCActionManager.m in Sources */,
				B33EEB0015147B0E00826DB2 /* CCActionPageTurn3D.m in Sources */,
				B33EEB0315147B0E00826DB2 /* CCActionProgressTimer.m in Sources */,
				B33EEB0615147B0E00826DB2 /* CCActionTiledGrid.m in Sources */,
				B33EEB0915147B0E00826DB2 /* CCActionTween.m in Sources */,
				B33EEB0C15147B0E00826DB2 /* CCAnimation.m in Sources */,
				B33EEB0F15147B0E00826DB2 /* CCAnimationCache.m in Sources */,
				B33EEB1215147B0E00826DB2 /* CCAtlasNode.m in Sources */,
				B33EEB1515147B0E00826DB2 /* CCBlockSupport.m in Sources */,
				B33EEB1815147B0E00826DB2 /* CCCamera.m in Sources */,
				B33EEB1C15147B0E00826DB2 /* CCConfiguration.m in Sources */,
				B33EEB1F15147B0F00826DB2 /* CCDirector.m in Sources */,
				B33EEB2215147B0F00826DB2 /* CCDrawingPrimitives.m in Sources */,
				B33EEB2515147B0F00826DB2 /* CCGrabber.m in Sources */,
				B33EEB2815147B0F00826DB2 /* CCGrid.m in Sources */,
				B33EEB2B15147B0F00826DB2 /* CCLabelAtlas.m in Sources */,
				B33EEB2E15147B0F00826DB2 /* CCLabelBMFont.m in Sources */,
				B33EEB3115147B0F00826DB2 /* CCLabelTTF.m in Sources */,
				B33EEB3415147B0F00826DB2 /* CCLayer.m in Sources */,
				B33EEB3815147B0F00826DB2 /* CCMenu.m in Sources */,
				B33EEB3B15147B0F00826DB2 /* CCMenuItem.m in Sources */,
				B33EEB3E15147B0F00826DB2 /* CCMotionStreak.m in Sources */,
				B33EEB4115147B0F00826DB2 /* CCNode.m in Sources */,
				B33EEB4415147B0F00826DB2 /* CCParallaxNode.m in Sources */,
				B33EEB4715147B0F00826DB2 /* CCParticleExamples.m in Sources */,
				B33EEB4A15147B0F00826DB2 /* CCParticleSystem.m in Sources */,
				B33EEB4D15147B0F00826DB2 /* CCParticleSystemPoint.m in Sources */,
				B33EEB5015147B0F00826DB2 /* CCParticleSystemQuad.m in Sources */,
				B33EEB5315147B0F00826DB2 /* CCProgressTimer.m in Sources */,
				B33EEB5715147B0F00826DB2 /* CCRenderTexture.m in Sources */,
				B33EEB5A15147B0F00826DB2 /* CCRibbon.m in Sources */,
				B33EEB5D15147B0F00826DB2 /* CCScene.m in Sources */,
				B33EEB6015147B0F00826DB2 /* CCScheduler.m in Sources */,
				B33EEB6315147B0F00826DB2 /* CCSprite.m in Sources */,
				B33EEB6615147B0F00826DB2 /* CCSpriteBatchNode.m in Sources */,
				B33EEB6915147B0F00826DB2 /* CCSpriteFrame.m in Sources */,
				B33EEB6C15147B0F00826DB2 /* CCSpriteFrameCache.m in Sources */,
				B33EEB6F15147B0F00826DB2 /* CCTexture2D.m in Sources */,
				B33EEB7215147B0F00826DB2 /* CCTextureAtlas.m in Sources */,
				B33EEB7515147B0F00826DB2 /* CCTextureCache.m in Sources */,
				B33EEB7815147B0F00826DB2 /* CCTexturePVR.m in Sources */,
				B33EEB7B15147B0F00826DB2 /* CCTileMapAtlas.m in Sources */,
				B33EEB7E15147B1000826DB2 /* CCTMXLayer.m in Sources */,
				B33EEB8115147B1000826DB2 /* CCTMXObjectGroup.m in Sources */,
				B33EEB8415147B1000826DB2 /* CCTMXTiledMap.m in Sources */,
				B33EEB8715147B1000826DB2 /* CCTMXXMLParser.m in Sources */,
				B33EEB8A15147B1000826DB2 /* CCTransition.m in Sources */,
				B33EEB8D15147B1000826DB2 /* CCTransitionPageTurn.m in Sources */,
				B33EEB9015147B1000826DB2 /* CCTransitionRadial.m in Sources */,
				B33EEB9415147B1000826DB2 /* cocos2d.m in Sources */,
				B33EEB9B15147B1000826DB2 /* CCDirectorIOS.m in Sources */,
				B33EEB9F15147B1000826DB2 /* CCTouchDispatcher.m in Sources */,
				B33EEBA215147B1000826DB2 /* CCTouchHandler.m in Sources */,
				B33EEBA515147B1000826DB2 /* EAGLView.m in Sources */,
				B33EEBA815147B1000826DB2 /* ES1Renderer.m in Sources */,
				B33EEBAB15147B1000826DB2 /* glu.c in Sources */,
				B33EEBB015147B1000826DB2 /* CCDirectorMac.m in Sources */,
				B33EEBB315147B1000826DB2 /* CCEventDispatcher.m in Sources */,
				B33EEBB615147B1000826DB2 /* MacGLView.m in Sources */,
				B33EEBB915147B1000826DB2 /* MacWindow.m in Sources */,
				B33EEBBC15147B1000826DB2 /* base64.c in Sources */,
				B33EEBC015147B1000826DB2 /* CCArray.m in Sources */,
				B33EEBC415147B1000826DB2 /* CCFileUtils.m in Sources */,
				B33EEBC715147B1000826DB2 /* CCProfiling.m in Sources */,
				B33EEBC915147B1000826DB2 /* ccUtils.c in Sources */,
				B33EEBCD15147B1000826DB2 /* CGPointExtension.m in Sources */,
				B33EEBD115147B1000826DB2 /* TGAlib.m in Sources */,
				B33EEBD415147B1000826DB2 /* TransformUtils.m in Sources */,
				B33EEBD915147B1000826DB2 /* ZipUtils.m in Sources */,
				B33EEBDE15147B1000826DB2 /* CDAudioManager.m in Sources */,
				B33EEBE215147B1100826DB2 /* CDOpenALSupport.m in Sources */,
				B33EEBE515147B1100826DB2 /* CocosDenshion.m in Sources */,
				B33EEBE815147B1100826DB2 /* SimpleAudioEngine.m in Sources */,
				B33EEBED15147B1100826DB2 /* CLScoreServerPost.m in Sources */,
				B33EEBF015147B1100826DB2 /* CLScoreServerRequest.m in Sources */,
				B33EEBF315147B1100826DB2 /* cocoslive.m in Sources */,
				B33EEBF815147B1100826DB2 /* CDataScanner.m in Sources */,
				B33EEBFC15147B1100826DB2 /* CDataScanner_Extensions.m in Sources */,
				B33EEBFF15147B1100826DB2 /* NSDictionary_JSONExtensions.m in Sources */,
				B33EEC0315147B1100826DB2 /* CJSONDeserializer.m in Sources */,
				B33EEC0615147B1100826DB2 /* CJSONScanner.m in Sources */,
				B33EEC0915147B1100826DB2 /* CJSONSerializer.m in Sources */,
				B33EEC0E15147B1100826DB2 /* FontLabel.m in Sources */,
				B33EEC1115147B1100826DB2 /* FontLabelStringDrawing.m in Sources */,
				B33EEC1415147B1100826DB2 /* FontManager.m in Sources */,
				B33EEC1715147B1100826DB2 /* ZAttributedString.m in Sources */,
				B33EEC1B15147B1100826DB2 /* ZFont.m in Sources */,
				B33EEC2015147B1100826DB2 /* main.m in Sources */,
				B33EEC2315147B1100826DB2 /* AppDelegate.m in Sources */,
				B33EEC2615147B1100826DB2 /* RootViewController.m in Sources */,
				B33EEC2915147B1100826DB2 /* HelloWorldLayer.m in Sources */,
			);
			runOnlyForDeploymentPostprocessing = 0;
		};
/* End PBXSourcesBuildPhase section */

/* Begin XCBuildConfiguration section */
		B33EEC2B15147B1100826DB2 /* Debug */ = {
			isa = XCBuildConfiguration;
			buildSettings = {
				ARCHS = "$(ARCHS_STANDARD_32_BIT)";
				"CODE_SIGN_IDENTITY[sdk=iphoneos*]" = "iPhone Developer";
				GCC_C_LANGUAGE_STANDARD = gnu99;
				GCC_OPTIMIZATION_LEVEL = 0;
				GCC_PREPROCESSOR_DEFINITIONS = (
					DEBUG,
					"COCOS2D_DEBUG=1",
				);
				GCC_SYMBOLS_PRIVATE_EXTERN = NO;
				GCC_VERSION = com.apple.compilers.llvmgcc42;
				GCC_WARN_ABOUT_RETURN_TYPE = YES;
				GCC_WARN_UNUSED_VARIABLE = YES;
				IPHONEOS_DEPLOYMENT_TARGET = 5.0;
				SDKROOT = iphoneos;
			};
			name = Debug;
		};
		B33EEC2C15147B1100826DB2 /* Release */ = {
			isa = XCBuildConfiguration;
			buildSettings = {
				ARCHS = "$(ARCHS_STANDARD_32_BIT)";
				"CODE_SIGN_IDENTITY[sdk=iphoneos*]" = "iPhone Developer";
				GCC_C_LANGUAGE_STANDARD = gnu99;
				GCC_PREPROCESSOR_DEFINITIONS = NDEBUG;
				GCC_VERSION = com.apple.compilers.llvmgcc42;
				GCC_WARN_ABOUT_RETURN_TYPE = YES;
				GCC_WARN_UNUSED_VARIABLE = YES;
				IPHONEOS_DEPLOYMENT_TARGET = 5.0;
				OTHER_CFLAGS = "-DNS_BLOCK_ASSERTIONS=1";
				SDKROOT = iphoneos;
			};
			name = Release;
		};
		B33EEC2E15147B1100826DB2 /* Debug */ = {
			isa = XCBuildConfiguration;
			buildSettings = {
				ALWAYS_SEARCH_USER_PATHS = NO;
				COPY_PHASE_STRIP = NO;
				GCC_DYNAMIC_NO_PIC = NO;
				GCC_PRECOMPILE_PREFIX_HEADER = YES;
				GCC_PREFIX_HEADER = Quest/Prefix.pch;
				"GCC_THUMB_SUPPORT[arch=armv6]" = "";
				INFOPLIST_FILE = Quest/Resources/Info.plist;
				OTHER_LDFLAGS = "-lz";
				PRODUCT_NAME = "$(TARGET_NAME)";
				WRAPPER_EXTENSION = app;
			};
			name = Debug;
		};
		B33EEC2F15147B1100826DB2 /* Release */ = {
			isa = XCBuildConfiguration;
			buildSettings = {
				ALWAYS_SEARCH_USER_PATHS = NO;
				COPY_PHASE_STRIP = YES;
				GCC_PRECOMPILE_PREFIX_HEADER = YES;
				GCC_PREFIX_HEADER = Quest/Prefix.pch;
				"GCC_THUMB_SUPPORT[arch=armv6]" = "";
				INFOPLIST_FILE = Quest/Resources/Info.plist;
				OTHER_LDFLAGS = "-lz";
				PRODUCT_NAME = "$(TARGET_NAME)";
				VALIDATE_PRODUCT = YES;
				WRAPPER_EXTENSION = app;
			};
			name = Release;
		};
/* End XCBuildConfiguration section */

/* Begin XCConfigurationList section */
		B33EEAB515147B0D00826DB2 /* Build configuration list for PBXProject "Quest" */ = {
			isa = XCConfigurationList;
			buildConfigurations = (
				B33EEC2B15147B1100826DB2 /* Debug */,
				B33EEC2C15147B1100826DB2 /* Release */,
			);
			defaultConfigurationIsVisible = 0;
			defaultConfigurationName = Release;
		};
		B33EEC2D15147B1100826DB2 /* Build configuration list for PBXNativeTarget "Quest" */ = {
			isa = XCConfigurationList;
			buildConfigurations = (
				B33EEC2E15147B1100826DB2 /* Debug */,
				B33EEC2F15147B1100826DB2 /* Release */,
			);
			defaultConfigurationIsVisible = 0;
		};
/* End XCConfigurationList section */
	};
	rootObject = B33EEAB215147B0D00826DB2 /* Project object */;
}
